
Microsoft Visual Studio Solution File, Format Version 12.00
# Visual Studio Version 17
VisualStudioVersion = 17.13.35818.85
MinimumVisualStudioVersion = 10.0.40219.1
Project("{2150E333-8FDC-42A3-9474-1A3956D46DE8}") = "每日一题", "每日一题", "{02EA681E-C7D8-13C7-8484-4AC65E1B71E8}"
EndProject
Project("{8BC9CEB8-8B4A-11D0-8D11-00A0C91BC942}") = "2300.咒语和药水的成功对数", "2300.咒语和药水的成功对数\2300.咒语和药水的成功对数.vcxproj", "{6697A7C1-1AB4-4850-8AF7-E168C8206050}"
EndProject
Project("{2150E333-8FDC-42A3-9474-1A3956D46DE8}") = "Hot.100", "Hot.100", "{8E1C449D-DD69-49BE-90CA-5E2658C89C61}"
EndProject
Project("{8BC9CEB8-8B4A-11D0-8D11-00A0C91BC942}") = "1094.拼车", "1094.拼车\1094.拼车.vcxproj", "{67051075-8C2D-4F35-8F72-96E3A946D11E}"
EndProject
Project("{8BC9CEB8-8B4A-11D0-8D11-00A0C91BC942}") = "3147.从魔法师身上吸取的最大能量", "3147.从魔法师身上吸取的最大能量\3147.从魔法师身上吸取的最大能量.vcxproj", "{1AD37D2E-ACEF-4B1F-9900-FE9754F08F3B}"
EndProject
Project("{8BC9CEB8-8B4A-11D0-8D11-00A0C91BC942}") = "70.爬楼梯", "70.爬楼梯\70.爬楼梯.vcxproj", "{91161BEF-18C6-40C5-80E8-01AE434135E0}"
EndProject
Project("{2150E333-8FDC-42A3-9474-1A3956D46DE8}") = "其他题目", "其他题目", "{7AA0FB25-CE03-424D-BCD8-E2054380ED22}"
EndProject
Project("{8BC9CEB8-8B4A-11D0-8D11-00A0C91BC942}") = "746.使用最小花费爬楼梯", "746.使用最小花费爬楼梯\746.使用最小花费爬楼梯.vcxproj", "{408932FB-1AC6-4C2A-B444-F2861352D968}"
EndProject
Project("{8BC9CEB8-8B4A-11D0-8D11-00A0C91BC942}") = "2273.移除字母异位词后的结果数组", "2273.移除字母异位词后的结果数组\2273.移除字母异位词后的结果数组.vcxproj", "{3FEC4E6E-AB47-45CC-B21E-CA5B010ED1FF}"
EndProject
Project("{8BC9CEB8-8B4A-11D0-8D11-00A0C91BC942}") = "3349.检测相邻递增子数组1", "3349.检测相邻递增子数组1\3349.检测相邻递增子数组1.vcxproj", "{2601DD14-1E97-46B1-ABC3-A20D64A79C97}"
EndProject
Project("{8BC9CEB8-8B4A-11D0-8D11-00A0C91BC942}") = "3350.检测相邻递增子数组2", "3350.检测相邻递增子数组2\3350.检测相邻递增子数组2.vcxproj", "{3574AE63-31D6-4333-98A0-028F949D493E}"
EndProject
Project("{8BC9CEB8-8B4A-11D0-8D11-00A0C91BC942}") = "3.无重复字符的最长字串", "3.无重复字符的最长字串\3.无重复字符的最长字串.vcxproj", "{861EC334-EE9F-41F0-A7C2-12E6F7AFECC0}"
EndProject
Project("{8BC9CEB8-8B4A-11D0-8D11-00A0C91BC942}") = "438.找到字符串中所有字母异位词", "438.找到字符串中所有字母异位词\438.找到字符串中所有字母异位词.vcxproj", "{C8F7F2A2-89C7-4990-838A-349991CB3429}"
EndProject
Project("{8BC9CEB8-8B4A-11D0-8D11-00A0C91BC942}") = "118.杨辉三角", "118.杨辉三角\118.杨辉三角.vcxproj", "{E16DB3EA-946C-46AA-B9FE-78346339488E}"
EndProject
Project("{8BC9CEB8-8B4A-11D0-8D11-00A0C91BC942}") = "198.打家劫舍", "198.打家劫舍\198.打家劫舍.vcxproj", "{23775660-8D63-48AE-A79E-79AED15D97AA}"
EndProject
Project("{8BC9CEB8-8B4A-11D0-8D11-00A0C91BC942}") = "279.完全平方数", "279.完全平方数\279.完全平方数.vcxproj", "{99AA280E-2F33-4AFB-A101-ACD2FA1B337A}"
EndProject
Project("{8BC9CEB8-8B4A-11D0-8D11-00A0C91BC942}") = "1575.统计所有可行路径", "1575.统计所有可行路径\1575.统计所有可行路径.vcxproj", "{75109729-87C6-4393-AB1C-7B24605410A6}"
EndProject
Project("{8BC9CEB8-8B4A-11D0-8D11-00A0C91BC942}") = "35.搜索插入位置", "35.搜索插入位置\35.搜索插入位置.vcxproj", "{33A46588-DC30-4908-83C3-0E95019AFA85}"
EndProject
Project("{8BC9CEB8-8B4A-11D0-8D11-00A0C91BC942}") = "74.搜索二维矩阵", "74.搜索二维矩阵\74.搜索二维矩阵.vcxproj", "{B6032178-7AFE-4CE8-8BA1-04F780B688B9}"
EndProject
Project("{8BC9CEB8-8B4A-11D0-8D11-00A0C91BC942}") = "34.在排序数组中查找元素的第一个和最后一个位置", "34.在排序数组中查找元素的第一个和最后一个位置\34.在排序数组中查找元素的第一个和最后一个位置.vcxproj", "{AB913DAC-45A6-4DF6-ABB9-83345ECFA2CB}"
EndProject
Project("{8BC9CEB8-8B4A-11D0-8D11-00A0C91BC942}") = "33.搜索旋转排序数组", "33.搜索选择排序数组\33.搜索选择排序数组.vcxproj", "{FEF32C76-4CDF-47A2-A96C-F583B545AB72}"
EndProject
Project("{8BC9CEB8-8B4A-11D0-8D11-00A0C91BC942}") = "153.寻找旋转排序数组中的最小值", "153.寻找旋转排序数组中的最小值\153.寻找旋转排序数组中的最小值.vcxproj", "{612CFFA3-5569-4353-A51C-8C5EA3297FFD}"
EndProject
Project("{8BC9CEB8-8B4A-11D0-8D11-00A0C91BC942}") = "1.两数之和", "1.两数之和\1.两数之和.vcxproj", "{8881BD2D-5A3C-4328-A775-18C22775D702}"
EndProject
Project("{2150E333-8FDC-42A3-9474-1A3956D46DE8}") = "哈希", "哈希", "{D5BC2B34-31E4-4BE3-9704-14F151C2043E}"
EndProject
Project("{8BC9CEB8-8B4A-11D0-8D11-00A0C91BC942}") = "49.字母异位词分组", "49.字母异位词分组\49.字母异位词分组.vcxproj", "{1E243AF5-CE19-46D6-B5A1-CBF70D1DEB25}"
EndProject
Project("{8BC9CEB8-8B4A-11D0-8D11-00A0C91BC942}") = "128.最长连续序列", "128.最长连续序列\128.最长连续序列.vcxproj", "{2863AE28-830E-4EE1-AD50-8E9A71BAAFA5}"
EndProject
Project("{2150E333-8FDC-42A3-9474-1A3956D46DE8}") = "普通数组", "普通数组", "{5519F0FD-AA0E-4033-B5FB-69C3FF1CAB68}"
EndProject
Project("{8BC9CEB8-8B4A-11D0-8D11-00A0C91BC942}") = "53.最大子数组和", "53.最大子数组和\53.最大子数组和.vcxproj", "{9EB08E61-D037-4A34-907A-CFE0D8CE3241}"
EndProject
Project("{8BC9CEB8-8B4A-11D0-8D11-00A0C91BC942}") = "56.合并区间", "56.合并区间\56.合并区间.vcxproj", "{F0166FDE-C192-4909-9B76-BB4B0DB44676}"
EndProject
Project("{2150E333-8FDC-42A3-9474-1A3956D46DE8}") = "学校", "学校", "{C3E40D1B-7840-4F84-B532-CDB90371C1E6}"
EndProject
Project("{2150E333-8FDC-42A3-9474-1A3956D46DE8}") = "实验一", "实验一", "{AF1909AF-8453-421F-94D3-6A081521B0AE}"
EndProject
Project("{8BC9CEB8-8B4A-11D0-8D11-00A0C91BC942}") = "A中间数", "A中间数\A中间数.vcxproj", "{4EE3ACD7-F4E7-43F6-9A0F-B81112C06807}"
EndProject
Project("{8BC9CEB8-8B4A-11D0-8D11-00A0C91BC942}") = "C搜索问题", "C搜索问题\C搜索问题.vcxproj", "{B644CBDF-58C3-4FBA-A9F9-B8361754E7A3}"
EndProject
Project("{8BC9CEB8-8B4A-11D0-8D11-00A0C91BC942}") = "D顺序查找", "D顺序查找\D顺序查找.vcxproj", "{B067BFB1-F5D6-4103-99A2-B893D0EB2100}"
EndProject
Project("{8BC9CEB8-8B4A-11D0-8D11-00A0C91BC942}") = "E找第二小", "E找第二小\E找第二小.vcxproj", "{41235EA0-EFA8-48A7-8965-D42844470663}"
EndProject
Project("{8BC9CEB8-8B4A-11D0-8D11-00A0C91BC942}") = "F多项式求值", "F多项式求值\F多项式求值.vcxproj", "{757DD20C-0B01-46B9-8083-EE3E00BC0106}"
EndProject
Project("{8BC9CEB8-8B4A-11D0-8D11-00A0C91BC942}") = "G选择排序", "G选择排序\G选择排序.vcxproj", "{7A642837-5B6F-45C8-9DAB-46FA4408D0BE}"
EndProject
Project("{8BC9CEB8-8B4A-11D0-8D11-00A0C91BC942}") = "H奇偶测试", "H奇偶测试\H奇偶测试.vcxproj", "{2E229796-F03A-4ABD-AE1D-048A83300C9A}"
EndProject
Project("{8BC9CEB8-8B4A-11D0-8D11-00A0C91BC942}") = "I算法的时间复杂度", "I算法的时间复杂度\I算法的时间复杂度.vcxproj", "{0918CA7C-CABE-4C51-B835-07E313738DBB}"
EndProject
Project("{8BC9CEB8-8B4A-11D0-8D11-00A0C91BC942}") = "J简单汉诺塔", "J简单汉诺塔\J简单汉诺塔.vcxproj", "{D3D12A01-1983-44D4-92B6-7512790A34F6}"
EndProject
Project("{8BC9CEB8-8B4A-11D0-8D11-00A0C91BC942}") = "k归并排序", "k归并排序\k归并排序.vcxproj", "{D011ED2B-DFA7-42E9-83F9-62EE09278B8F}"
EndProject
Project("{8BC9CEB8-8B4A-11D0-8D11-00A0C91BC942}") = "L数列有序", "L数列有序\L数列有序.vcxproj", "{ECC494C1-AC90-4491-8A8A-4484161BC82F}"
EndProject
Project("{8BC9CEB8-8B4A-11D0-8D11-00A0C91BC942}") = "M最大公约数", "M最大公约数\M最大公约数.vcxproj", "{2A1E6D0C-9160-4B8F-88E1-66F51FD8506F}"
EndProject
Project("{8BC9CEB8-8B4A-11D0-8D11-00A0C91BC942}") = "189.轮转数组", "189.轮转数组\189.轮转数组.vcxproj", "{4215B8F3-C73F-43AE-9A00-39E97479D805}"
EndProject
Project("{8BC9CEB8-8B4A-11D0-8D11-00A0C91BC942}") = "238.除自身以外数组的乘积", "238.除自身以外数组的乘积\238.除自身以外数组的乘积.vcxproj", "{12410BC3-3B6D-42E5-9F4B-E428CDEB4715}"
EndProject
Project("{2150E333-8FDC-42A3-9474-1A3956D46DE8}") = "矩阵", "矩阵", "{7D7F18F0-48B9-484B-8C94-8CB9123BCBA3}"
EndProject
Project("{8BC9CEB8-8B4A-11D0-8D11-00A0C91BC942}") = "73.矩阵置零", "73.矩阵置零\73.矩阵置零.vcxproj", "{B2076F3A-6598-422B-A259-ADB9B87C0725}"
EndProject
Project("{2150E333-8FDC-42A3-9474-1A3956D46DE8}") = "实验二", "实验二", "{18D48481-D50F-402B-B156-34DAA316E0FB}"
EndProject
Project("{2150E333-8FDC-42A3-9474-1A3956D46DE8}") = "实验三", "实验三", "{BCF213AA-ACBF-4FE9-B956-B4F0FEC285CF}"
EndProject
Project("{2150E333-8FDC-42A3-9474-1A3956D46DE8}") = "实验四", "实验四", "{B1832378-F900-4B1F-B5F3-093F5DC306AA}"
EndProject
Project("{2150E333-8FDC-42A3-9474-1A3956D46DE8}") = "实验五", "实验五", "{A8CA1E78-4322-40D2-93C4-88AB68AFE30C}"
EndProject
Project("{8BC9CEB8-8B4A-11D0-8D11-00A0C91BC942}") = "A调度问题", "A.调度问题\A.调度问题.vcxproj", "{1A67CD16-AAE9-4279-A843-FBACE5F91FD5}"
EndProject
Project("{8BC9CEB8-8B4A-11D0-8D11-00A0C91BC942}") = "B程序存储", "B程序存储\B程序存储.vcxproj", "{E9303550-8469-4576-95E7-5AA8CEE9660A}"
EndProject
Project("{8BC9CEB8-8B4A-11D0-8D11-00A0C91BC942}") = "C区间覆盖", "C区间覆盖\C区间覆盖.vcxproj", "{3DFF1418-A4C2-46F9-A6F1-3B3478505BC3}"
EndProject
Project("{8BC9CEB8-8B4A-11D0-8D11-00A0C91BC942}") = "D库房租用", "D库房租用\D库房租用.vcxproj", "{F76CCDC9-14C3-45E7-B8DB-7766CEC8AFCE}"
EndProject
Project("{8BC9CEB8-8B4A-11D0-8D11-00A0C91BC942}") = "E背包问题", "E背包问题\E背包问题.vcxproj", "{ABB6773C-8BED-48C7-A325-341732C57012}"
EndProject
Project("{8BC9CEB8-8B4A-11D0-8D11-00A0C91BC942}") = "F活动选择问题", "F活动选择问题\F活动选择问题.vcxproj", "{A1FA2BC5-64DD-4453-89A9-4726BBFEF8B4}"
EndProject
Project("{8BC9CEB8-8B4A-11D0-8D11-00A0C91BC942}") = "G找零钱问题", "G找零钱问题\G找零钱问题.vcxproj", "{A7D67EB4-7D0A-478F-83C4-DD08697EC564}"
EndProject
Project("{8BC9CEB8-8B4A-11D0-8D11-00A0C91BC942}") = "H最优前缀码", "H最优前缀码\H最优前缀码.vcxproj", "{1FCC987A-DF60-473C-9800-6EC8260D71E0}"
EndProject
Project("{8BC9CEB8-8B4A-11D0-8D11-00A0C91BC942}") = "I基站选址", "I基站选址\I基站选址.vcxproj", "{233D1E0A-2AD0-42C4-86CD-171CBE810183}"
EndProject
Project("{8BC9CEB8-8B4A-11D0-8D11-00A0C91BC942}") = "J最优装载", "J最优装载\J最优装载.vcxproj", "{1856688D-6210-4D80-95D4-E3D3CE00AB04}"
EndProject
Project("{8BC9CEB8-8B4A-11D0-8D11-00A0C91BC942}") = "A组合优化问题", "A组合优化问题\A组合优化问题.vcxproj", "{DB2A010E-C6C9-453C-A7D4-3D4E0FF5A7D6}"
EndProject
Project("{8BC9CEB8-8B4A-11D0-8D11-00A0C91BC942}") = "A插入排序", "A插入排序\A插入排序.vcxproj", "{F5F3DF6D-736D-4ACE-9E72-9965011689C9}"
EndProject
Project("{8BC9CEB8-8B4A-11D0-8D11-00A0C91BC942}") = "B单峰问题", "B单峰问题\B单峰问题.vcxproj", "{B0BAA927-1D36-4D2F-AECD-2FAD4965B9F5}"
EndProject
Project("{8BC9CEB8-8B4A-11D0-8D11-00A0C91BC942}") = "C中位数", "C中位数\C中位数.vcxproj", "{AD3FAB27-CA2F-45C8-A57A-27CCA2654F6D}"
EndProject
Project("{8BC9CEB8-8B4A-11D0-8D11-00A0C91BC942}") = "D0-1矩阵", "D0-1矩阵\D0-1矩阵.vcxproj", "{9B756D19-82A7-4F5E-A78F-ADC052C87BF2}"
EndProject
Project("{8BC9CEB8-8B4A-11D0-8D11-00A0C91BC942}") = "E主元素", "E主元素\E主元素.vcxproj", "{67722F71-4BAB-4B2B-91FF-B7BC77D2B4E3}"
EndProject
Project("{8BC9CEB8-8B4A-11D0-8D11-00A0C91BC942}") = "F数据提取", "F数据提取\F数据提取.vcxproj", "{F8ACB1D5-E839-4CD3-B3C2-D35A0C97979F}"
EndProject
Project("{8BC9CEB8-8B4A-11D0-8D11-00A0C91BC942}") = "G最大元最小元", "G最大元最小元\G最大元最小元.vcxproj", "{C4F12E7C-3C2E-48E4-B57F-E9A5E4EEFA26}"
EndProject
Project("{8BC9CEB8-8B4A-11D0-8D11-00A0C91BC942}") = "H二分检索", "H二分检索\H二分检索.vcxproj", "{3D8AB055-60B7-4B80-8805-5D825DA6C625}"
EndProject
Project("{8BC9CEB8-8B4A-11D0-8D11-00A0C91BC942}") = "I分治算法", "I分治算法\I分治算法.vcxproj", "{75A6B723-3769-43BD-872A-64E070E3770A}"
EndProject
Project("{8BC9CEB8-8B4A-11D0-8D11-00A0C91BC942}") = "J快速排序算法", "J快速排序算法\J快速排序算法.vcxproj", "{E128C658-E416-4ABD-ADDE-9337F05D749F}"
EndProject
Project("{8BC9CEB8-8B4A-11D0-8D11-00A0C91BC942}") = "K正负有别", "K正负有别\K正负有别.vcxproj", "{8AD207BD-50A9-4675-A266-CF1A15C23A39}"
EndProject
Project("{8BC9CEB8-8B4A-11D0-8D11-00A0C91BC942}") = "B双机调度", "B双机调度\B双机调度.vcxproj", "{4AD626CA-69B1-4C7E-8C38-BB6888FBCD5E}"
EndProject
Project("{8BC9CEB8-8B4A-11D0-8D11-00A0C91BC942}") = "C最长公共子序列", "C最长公共子序列\C最长公共子序列.vcxproj", "{BE451E05-E063-4647-BC0F-E2F0E29C8250}"
EndProject
Project("{8BC9CEB8-8B4A-11D0-8D11-00A0C91BC942}") = "D一个人的旅行", "D一个人的旅行\D一个人的旅行.vcxproj", "{9D379027-F2B5-43B4-8212-1A7AB6AFC8D9}"
EndProject
Project("{8BC9CEB8-8B4A-11D0-8D11-00A0C91BC942}") = "EMultiplicationPuzzle", "EMultiplicationPuzzle\EMultiplicationPuzzle.vcxproj", "{66116D13-3FC1-40BB-8F3B-3D401A125776}"
EndProject
Project("{8BC9CEB8-8B4A-11D0-8D11-00A0C91BC942}") = "F矩阵乘法1", "F矩阵乘法1\F矩阵乘法1.vcxproj", "{D6CEBD33-951F-46C5-A9A3-863D0A2AEE46}"
EndProject
Project("{8BC9CEB8-8B4A-11D0-8D11-00A0C91BC942}") = "G投资问题", "G投资问题\G投资问题.vcxproj", "{9190744F-FF7D-467D-8DB9-A18C79043EE9}"
EndProject
Project("{8BC9CEB8-8B4A-11D0-8D11-00A0C91BC942}") = "H矩阵乘法2", "H矩阵乘法2\H矩阵乘法2.vcxproj", "{3C207678-3439-46C3-B4AB-A2B80E52FD17}"
EndProject
Project("{8BC9CEB8-8B4A-11D0-8D11-00A0C91BC942}") = "I最长单调递增子序列", "I最长单调递增子序列\I最长单调递增子序列.vcxproj", "{9B054AE3-2BA5-4ACF-8FF3-3D0DA8EEDCC3}"
EndProject
Project("{8BC9CEB8-8B4A-11D0-8D11-00A0C91BC942}") = "J库房问题3", "J库房问题3\J库房问题3.vcxproj", "{3D877B13-FF1D-4F00-8C7B-6DEDE93AE1D4}"
EndProject
Project("{2150E333-8FDC-42A3-9474-1A3956D46DE8}") = "解决方案项", "解决方案项", "{9FA3D6BD-1EC1-3BA5-80CB-CE02773A58D5}"
	ProjectSection(SolutionItems) = preProject
		README.md = README.md
	EndProjectSection
EndProject
Project("{8BC9CEB8-8B4A-11D0-8D11-00A0C91BC942}") = "54.螺旋矩阵", "54.螺旋矩阵\54.螺旋矩阵.vcxproj", "{51908F39-320A-43AC-B816-DBF099A5A381}"
EndProject
Project("{8BC9CEB8-8B4A-11D0-8D11-00A0C91BC942}") = "48.旋转图像", "48.选择图像\48.选择图像.vcxproj", "{5DCBDB2B-98B5-4A91-8BCE-AD4DD0902400}"
EndProject
Project("{2150E333-8FDC-42A3-9474-1A3956D46DE8}") = "双指针", "双指针", "{D8F76F40-AF90-4DEB-B125-8054AEA01597}"
EndProject
Project("{2150E333-8FDC-42A3-9474-1A3956D46DE8}") = "滑动窗口", "滑动窗口", "{02C85AA1-A830-4BDC-8E3C-DC8BB80B799E}"
EndProject
Project("{2150E333-8FDC-42A3-9474-1A3956D46DE8}") = "字串", "字串", "{320A1F95-5BF5-4261-9532-1876B974BDFC}"
EndProject
Project("{2150E333-8FDC-42A3-9474-1A3956D46DE8}") = "二叉树", "二叉树", "{F883A723-CA97-454B-A2B1-76D02D9ACC13}"
EndProject
Project("{2150E333-8FDC-42A3-9474-1A3956D46DE8}") = "图论", "图论", "{99606598-0670-4682-8E41-DB555DA590CC}"
EndProject
Project("{2150E333-8FDC-42A3-9474-1A3956D46DE8}") = "回溯", "回溯", "{F377C7EB-9EF4-4858-A8AC-3D53B23B66AB}"
EndProject
Project("{2150E333-8FDC-42A3-9474-1A3956D46DE8}") = "二分查找", "二分查找", "{349F5682-A5DB-4A4B-96FB-E470677B3BF5}"
EndProject
Project("{2150E333-8FDC-42A3-9474-1A3956D46DE8}") = "栈", "栈", "{1BEA5E55-B2D0-4075-8FBC-1E17F362D5C8}"
EndProject
Project("{2150E333-8FDC-42A3-9474-1A3956D46DE8}") = "堆", "堆", "{40FF120F-66C5-40A1-938B-B65D35788AAD}"
EndProject
Project("{2150E333-8FDC-42A3-9474-1A3956D46DE8}") = "贪心算法", "贪心算法", "{8FD4FC18-BB66-43CC-A03D-6525277BE2EA}"
EndProject
Project("{2150E333-8FDC-42A3-9474-1A3956D46DE8}") = "动态规划", "动态规划", "{3649BD8E-FA49-4864-A7C0-3C0D10B7461F}"
EndProject
Project("{2150E333-8FDC-42A3-9474-1A3956D46DE8}") = "多维动态规划", "多维动态规划", "{F4D78047-886C-4ECD-BD11-096BE490158B}"
EndProject
Project("{2150E333-8FDC-42A3-9474-1A3956D46DE8}") = "技巧", "技巧", "{6C36D38A-AC7A-42E4-8359-20EC5550065F}"
EndProject
Project("{2150E333-8FDC-42A3-9474-1A3956D46DE8}") = "链表", "链表", "{1F3B5253-1F6C-483E-8DDC-BDABF00F571B}"
EndProject
Project("{8BC9CEB8-8B4A-11D0-8D11-00A0C91BC942}") = "142.环形链表Ⅱ", "142.环形链表Ⅱ\142.环形链表Ⅱ.vcxproj", "{B8599A56-FADC-48D5-A0E2-11201274A346}"
EndProject
Global
	GlobalSection(SolutionConfigurationPlatforms) = preSolution
		Debug|x64 = Debug|x64
		Debug|x86 = Debug|x86
		Release|x64 = Release|x64
		Release|x86 = Release|x86
	EndGlobalSection
	GlobalSection(ProjectConfigurationPlatforms) = postSolution
		{6697A7C1-1AB4-4850-8AF7-E168C8206050}.Debug|x64.ActiveCfg = Debug|x64
		{6697A7C1-1AB4-4850-8AF7-E168C8206050}.Debug|x64.Build.0 = Debug|x64
		{6697A7C1-1AB4-4850-8AF7-E168C8206050}.Debug|x86.ActiveCfg = Debug|Win32
		{6697A7C1-1AB4-4850-8AF7-E168C8206050}.Debug|x86.Build.0 = Debug|Win32
		{6697A7C1-1AB4-4850-8AF7-E168C8206050}.Release|x64.ActiveCfg = Release|x64
		{6697A7C1-1AB4-4850-8AF7-E168C8206050}.Release|x64.Build.0 = Release|x64
		{6697A7C1-1AB4-4850-8AF7-E168C8206050}.Release|x86.ActiveCfg = Release|Win32
		{6697A7C1-1AB4-4850-8AF7-E168C8206050}.Release|x86.Build.0 = Release|Win32
		{67051075-8C2D-4F35-8F72-96E3A946D11E}.Debug|x64.ActiveCfg = Debug|x64
		{67051075-8C2D-4F35-8F72-96E3A946D11E}.Debug|x64.Build.0 = Debug|x64
		{67051075-8C2D-4F35-8F72-96E3A946D11E}.Debug|x86.ActiveCfg = Debug|Win32
		{67051075-8C2D-4F35-8F72-96E3A946D11E}.Debug|x86.Build.0 = Debug|Win32
		{67051075-8C2D-4F35-8F72-96E3A946D11E}.Release|x64.ActiveCfg = Release|x64
		{67051075-8C2D-4F35-8F72-96E3A946D11E}.Release|x64.Build.0 = Release|x64
		{67051075-8C2D-4F35-8F72-96E3A946D11E}.Release|x86.ActiveCfg = Release|Win32
		{67051075-8C2D-4F35-8F72-96E3A946D11E}.Release|x86.Build.0 = Release|Win32
		{1AD37D2E-ACEF-4B1F-9900-FE9754F08F3B}.Debug|x64.ActiveCfg = Debug|x64
		{1AD37D2E-ACEF-4B1F-9900-FE9754F08F3B}.Debug|x64.Build.0 = Debug|x64
		{1AD37D2E-ACEF-4B1F-9900-FE9754F08F3B}.Debug|x86.ActiveCfg = Debug|Win32
		{1AD37D2E-ACEF-4B1F-9900-FE9754F08F3B}.Debug|x86.Build.0 = Debug|Win32
		{1AD37D2E-ACEF-4B1F-9900-FE9754F08F3B}.Release|x64.ActiveCfg = Release|x64
		{1AD37D2E-ACEF-4B1F-9900-FE9754F08F3B}.Release|x64.Build.0 = Release|x64
		{1AD37D2E-ACEF-4B1F-9900-FE9754F08F3B}.Release|x86.ActiveCfg = Release|Win32
		{1AD37D2E-ACEF-4B1F-9900-FE9754F08F3B}.Release|x86.Build.0 = Release|Win32
		{91161BEF-18C6-40C5-80E8-01AE434135E0}.Debug|x64.ActiveCfg = Debug|x64
		{91161BEF-18C6-40C5-80E8-01AE434135E0}.Debug|x64.Build.0 = Debug|x64
		{91161BEF-18C6-40C5-80E8-01AE434135E0}.Debug|x86.ActiveCfg = Debug|Win32
		{91161BEF-18C6-40C5-80E8-01AE434135E0}.Debug|x86.Build.0 = Debug|Win32
		{91161BEF-18C6-40C5-80E8-01AE434135E0}.Release|x64.ActiveCfg = Release|x64
		{91161BEF-18C6-40C5-80E8-01AE434135E0}.Release|x64.Build.0 = Release|x64
		{91161BEF-18C6-40C5-80E8-01AE434135E0}.Release|x86.ActiveCfg = Release|Win32
		{91161BEF-18C6-40C5-80E8-01AE434135E0}.Release|x86.Build.0 = Release|Win32
		{408932FB-1AC6-4C2A-B444-F2861352D968}.Debug|x64.ActiveCfg = Debug|x64
		{408932FB-1AC6-4C2A-B444-F2861352D968}.Debug|x64.Build.0 = Debug|x64
		{408932FB-1AC6-4C2A-B444-F2861352D968}.Debug|x86.ActiveCfg = Debug|Win32
		{408932FB-1AC6-4C2A-B444-F2861352D968}.Debug|x86.Build.0 = Debug|Win32
		{408932FB-1AC6-4C2A-B444-F2861352D968}.Release|x64.ActiveCfg = Release|x64
		{408932FB-1AC6-4C2A-B444-F2861352D968}.Release|x64.Build.0 = Release|x64
		{408932FB-1AC6-4C2A-B444-F2861352D968}.Release|x86.ActiveCfg = Release|Win32
		{408932FB-1AC6-4C2A-B444-F2861352D968}.Release|x86.Build.0 = Release|Win32
		{3FEC4E6E-AB47-45CC-B21E-CA5B010ED1FF}.Debug|x64.ActiveCfg = Debug|x64
		{3FEC4E6E-AB47-45CC-B21E-CA5B010ED1FF}.Debug|x64.Build.0 = Debug|x64
		{3FEC4E6E-AB47-45CC-B21E-CA5B010ED1FF}.Debug|x86.ActiveCfg = Debug|Win32
		{3FEC4E6E-AB47-45CC-B21E-CA5B010ED1FF}.Debug|x86.Build.0 = Debug|Win32
		{3FEC4E6E-AB47-45CC-B21E-CA5B010ED1FF}.Release|x64.ActiveCfg = Release|x64
		{3FEC4E6E-AB47-45CC-B21E-CA5B010ED1FF}.Release|x64.Build.0 = Release|x64
		{3FEC4E6E-AB47-45CC-B21E-CA5B010ED1FF}.Release|x86.ActiveCfg = Release|Win32
		{3FEC4E6E-AB47-45CC-B21E-CA5B010ED1FF}.Release|x86.Build.0 = Release|Win32
		{2601DD14-1E97-46B1-ABC3-A20D64A79C97}.Debug|x64.ActiveCfg = Debug|x64
		{2601DD14-1E97-46B1-ABC3-A20D64A79C97}.Debug|x64.Build.0 = Debug|x64
		{2601DD14-1E97-46B1-ABC3-A20D64A79C97}.Debug|x86.ActiveCfg = Debug|Win32
		{2601DD14-1E97-46B1-ABC3-A20D64A79C97}.Debug|x86.Build.0 = Debug|Win32
		{2601DD14-1E97-46B1-ABC3-A20D64A79C97}.Release|x64.ActiveCfg = Release|x64
		{2601DD14-1E97-46B1-ABC3-A20D64A79C97}.Release|x64.Build.0 = Release|x64
		{2601DD14-1E97-46B1-ABC3-A20D64A79C97}.Release|x86.ActiveCfg = Release|Win32
		{2601DD14-1E97-46B1-ABC3-A20D64A79C97}.Release|x86.Build.0 = Release|Win32
		{3574AE63-31D6-4333-98A0-028F949D493E}.Debug|x64.ActiveCfg = Debug|x64
		{3574AE63-31D6-4333-98A0-028F949D493E}.Debug|x64.Build.0 = Debug|x64
		{3574AE63-31D6-4333-98A0-028F949D493E}.Debug|x86.ActiveCfg = Debug|Win32
		{3574AE63-31D6-4333-98A0-028F949D493E}.Debug|x86.Build.0 = Debug|Win32
		{3574AE63-31D6-4333-98A0-028F949D493E}.Release|x64.ActiveCfg = Release|x64
		{3574AE63-31D6-4333-98A0-028F949D493E}.Release|x64.Build.0 = Release|x64
		{3574AE63-31D6-4333-98A0-028F949D493E}.Release|x86.ActiveCfg = Release|Win32
		{3574AE63-31D6-4333-98A0-028F949D493E}.Release|x86.Build.0 = Release|Win32
		{861EC334-EE9F-41F0-A7C2-12E6F7AFECC0}.Debug|x64.ActiveCfg = Debug|x64
		{861EC334-EE9F-41F0-A7C2-12E6F7AFECC0}.Debug|x64.Build.0 = Debug|x64
		{861EC334-EE9F-41F0-A7C2-12E6F7AFECC0}.Debug|x86.ActiveCfg = Debug|Win32
		{861EC334-EE9F-41F0-A7C2-12E6F7AFECC0}.Debug|x86.Build.0 = Debug|Win32
		{861EC334-EE9F-41F0-A7C2-12E6F7AFECC0}.Release|x64.ActiveCfg = Release|x64
		{861EC334-EE9F-41F0-A7C2-12E6F7AFECC0}.Release|x64.Build.0 = Release|x64
		{861EC334-EE9F-41F0-A7C2-12E6F7AFECC0}.Release|x86.ActiveCfg = Release|Win32
		{861EC334-EE9F-41F0-A7C2-12E6F7AFECC0}.Release|x86.Build.0 = Release|Win32
		{C8F7F2A2-89C7-4990-838A-349991CB3429}.Debug|x64.ActiveCfg = Debug|x64
		{C8F7F2A2-89C7-4990-838A-349991CB3429}.Debug|x64.Build.0 = Debug|x64
		{C8F7F2A2-89C7-4990-838A-349991CB3429}.Debug|x86.ActiveCfg = Debug|Win32
		{C8F7F2A2-89C7-4990-838A-349991CB3429}.Debug|x86.Build.0 = Debug|Win32
		{C8F7F2A2-89C7-4990-838A-349991CB3429}.Release|x64.ActiveCfg = Release|x64
		{C8F7F2A2-89C7-4990-838A-349991CB3429}.Release|x64.Build.0 = Release|x64
		{C8F7F2A2-89C7-4990-838A-349991CB3429}.Release|x86.ActiveCfg = Release|Win32
		{C8F7F2A2-89C7-4990-838A-349991CB3429}.Release|x86.Build.0 = Release|Win32
		{E16DB3EA-946C-46AA-B9FE-78346339488E}.Debug|x64.ActiveCfg = Debug|x64
		{E16DB3EA-946C-46AA-B9FE-78346339488E}.Debug|x64.Build.0 = Debug|x64
		{E16DB3EA-946C-46AA-B9FE-78346339488E}.Debug|x86.ActiveCfg = Debug|Win32
		{E16DB3EA-946C-46AA-B9FE-78346339488E}.Debug|x86.Build.0 = Debug|Win32
		{E16DB3EA-946C-46AA-B9FE-78346339488E}.Release|x64.ActiveCfg = Release|x64
		{E16DB3EA-946C-46AA-B9FE-78346339488E}.Release|x64.Build.0 = Release|x64
		{E16DB3EA-946C-46AA-B9FE-78346339488E}.Release|x86.ActiveCfg = Release|Win32
		{E16DB3EA-946C-46AA-B9FE-78346339488E}.Release|x86.Build.0 = Release|Win32
		{23775660-8D63-48AE-A79E-79AED15D97AA}.Debug|x64.ActiveCfg = Debug|x64
		{23775660-8D63-48AE-A79E-79AED15D97AA}.Debug|x64.Build.0 = Debug|x64
		{23775660-8D63-48AE-A79E-79AED15D97AA}.Debug|x86.ActiveCfg = Debug|Win32
		{23775660-8D63-48AE-A79E-79AED15D97AA}.Debug|x86.Build.0 = Debug|Win32
		{23775660-8D63-48AE-A79E-79AED15D97AA}.Release|x64.ActiveCfg = Release|x64
		{23775660-8D63-48AE-A79E-79AED15D97AA}.Release|x64.Build.0 = Release|x64
		{23775660-8D63-48AE-A79E-79AED15D97AA}.Release|x86.ActiveCfg = Release|Win32
		{23775660-8D63-48AE-A79E-79AED15D97AA}.Release|x86.Build.0 = Release|Win32
		{99AA280E-2F33-4AFB-A101-ACD2FA1B337A}.Debug|x64.ActiveCfg = Debug|x64
		{99AA280E-2F33-4AFB-A101-ACD2FA1B337A}.Debug|x64.Build.0 = Debug|x64
		{99AA280E-2F33-4AFB-A101-ACD2FA1B337A}.Debug|x86.ActiveCfg = Debug|Win32
		{99AA280E-2F33-4AFB-A101-ACD2FA1B337A}.Debug|x86.Build.0 = Debug|Win32
		{99AA280E-2F33-4AFB-A101-ACD2FA1B337A}.Release|x64.ActiveCfg = Release|x64
		{99AA280E-2F33-4AFB-A101-ACD2FA1B337A}.Release|x64.Build.0 = Release|x64
		{99AA280E-2F33-4AFB-A101-ACD2FA1B337A}.Release|x86.ActiveCfg = Release|Win32
		{99AA280E-2F33-4AFB-A101-ACD2FA1B337A}.Release|x86.Build.0 = Release|Win32
		{75109729-87C6-4393-AB1C-7B24605410A6}.Debug|x64.ActiveCfg = Debug|x64
		{75109729-87C6-4393-AB1C-7B24605410A6}.Debug|x64.Build.0 = Debug|x64
		{75109729-87C6-4393-AB1C-7B24605410A6}.Debug|x86.ActiveCfg = Debug|Win32
		{75109729-87C6-4393-AB1C-7B24605410A6}.Debug|x86.Build.0 = Debug|Win32
		{75109729-87C6-4393-AB1C-7B24605410A6}.Release|x64.ActiveCfg = Release|x64
		{75109729-87C6-4393-AB1C-7B24605410A6}.Release|x64.Build.0 = Release|x64
		{75109729-87C6-4393-AB1C-7B24605410A6}.Release|x86.ActiveCfg = Release|Win32
		{75109729-87C6-4393-AB1C-7B24605410A6}.Release|x86.Build.0 = Release|Win32
		{33A46588-DC30-4908-83C3-0E95019AFA85}.Debug|x64.ActiveCfg = Debug|x64
		{33A46588-DC30-4908-83C3-0E95019AFA85}.Debug|x64.Build.0 = Debug|x64
		{33A46588-DC30-4908-83C3-0E95019AFA85}.Debug|x86.ActiveCfg = Debug|Win32
		{33A46588-DC30-4908-83C3-0E95019AFA85}.Debug|x86.Build.0 = Debug|Win32
		{33A46588-DC30-4908-83C3-0E95019AFA85}.Release|x64.ActiveCfg = Release|x64
		{33A46588-DC30-4908-83C3-0E95019AFA85}.Release|x64.Build.0 = Release|x64
		{33A46588-DC30-4908-83C3-0E95019AFA85}.Release|x86.ActiveCfg = Release|Win32
		{33A46588-DC30-4908-83C3-0E95019AFA85}.Release|x86.Build.0 = Release|Win32
		{B6032178-7AFE-4CE8-8BA1-04F780B688B9}.Debug|x64.ActiveCfg = Debug|x64
		{B6032178-7AFE-4CE8-8BA1-04F780B688B9}.Debug|x64.Build.0 = Debug|x64
		{B6032178-7AFE-4CE8-8BA1-04F780B688B9}.Debug|x86.ActiveCfg = Debug|Win32
		{B6032178-7AFE-4CE8-8BA1-04F780B688B9}.Debug|x86.Build.0 = Debug|Win32
		{B6032178-7AFE-4CE8-8BA1-04F780B688B9}.Release|x64.ActiveCfg = Release|x64
		{B6032178-7AFE-4CE8-8BA1-04F780B688B9}.Release|x64.Build.0 = Release|x64
		{B6032178-7AFE-4CE8-8BA1-04F780B688B9}.Release|x86.ActiveCfg = Release|Win32
		{B6032178-7AFE-4CE8-8BA1-04F780B688B9}.Release|x86.Build.0 = Release|Win32
		{AB913DAC-45A6-4DF6-ABB9-83345ECFA2CB}.Debug|x64.ActiveCfg = Debug|x64
		{AB913DAC-45A6-4DF6-ABB9-83345ECFA2CB}.Debug|x64.Build.0 = Debug|x64
		{AB913DAC-45A6-4DF6-ABB9-83345ECFA2CB}.Debug|x86.ActiveCfg = Debug|Win32
		{AB913DAC-45A6-4DF6-ABB9-83345ECFA2CB}.Debug|x86.Build.0 = Debug|Win32
		{AB913DAC-45A6-4DF6-ABB9-83345ECFA2CB}.Release|x64.ActiveCfg = Release|x64
		{AB913DAC-45A6-4DF6-ABB9-83345ECFA2CB}.Release|x64.Build.0 = Release|x64
		{AB913DAC-45A6-4DF6-ABB9-83345ECFA2CB}.Release|x86.ActiveCfg = Release|Win32
		{AB913DAC-45A6-4DF6-ABB9-83345ECFA2CB}.Release|x86.Build.0 = Release|Win32
		{FEF32C76-4CDF-47A2-A96C-F583B545AB72}.Debug|x64.ActiveCfg = Debug|x64
		{FEF32C76-4CDF-47A2-A96C-F583B545AB72}.Debug|x64.Build.0 = Debug|x64
		{FEF32C76-4CDF-47A2-A96C-F583B545AB72}.Debug|x86.ActiveCfg = Debug|Win32
		{FEF32C76-4CDF-47A2-A96C-F583B545AB72}.Debug|x86.Build.0 = Debug|Win32
		{FEF32C76-4CDF-47A2-A96C-F583B545AB72}.Release|x64.ActiveCfg = Release|x64
		{FEF32C76-4CDF-47A2-A96C-F583B545AB72}.Release|x64.Build.0 = Release|x64
		{FEF32C76-4CDF-47A2-A96C-F583B545AB72}.Release|x86.ActiveCfg = Release|Win32
		{FEF32C76-4CDF-47A2-A96C-F583B545AB72}.Release|x86.Build.0 = Release|Win32
		{612CFFA3-5569-4353-A51C-8C5EA3297FFD}.Debug|x64.ActiveCfg = Debug|x64
		{612CFFA3-5569-4353-A51C-8C5EA3297FFD}.Debug|x64.Build.0 = Debug|x64
		{612CFFA3-5569-4353-A51C-8C5EA3297FFD}.Debug|x86.ActiveCfg = Debug|Win32
		{612CFFA3-5569-4353-A51C-8C5EA3297FFD}.Debug|x86.Build.0 = Debug|Win32
		{612CFFA3-5569-4353-A51C-8C5EA3297FFD}.Release|x64.ActiveCfg = Release|x64
		{612CFFA3-5569-4353-A51C-8C5EA3297FFD}.Release|x64.Build.0 = Release|x64
		{612CFFA3-5569-4353-A51C-8C5EA3297FFD}.Release|x86.ActiveCfg = Release|Win32
		{612CFFA3-5569-4353-A51C-8C5EA3297FFD}.Release|x86.Build.0 = Release|Win32
		{8881BD2D-5A3C-4328-A775-18C22775D702}.Debug|x64.ActiveCfg = Debug|x64
		{8881BD2D-5A3C-4328-A775-18C22775D702}.Debug|x64.Build.0 = Debug|x64
		{8881BD2D-5A3C-4328-A775-18C22775D702}.Debug|x86.ActiveCfg = Debug|Win32
		{8881BD2D-5A3C-4328-A775-18C22775D702}.Debug|x86.Build.0 = Debug|Win32
		{8881BD2D-5A3C-4328-A775-18C22775D702}.Release|x64.ActiveCfg = Release|x64
		{8881BD2D-5A3C-4328-A775-18C22775D702}.Release|x64.Build.0 = Release|x64
		{8881BD2D-5A3C-4328-A775-18C22775D702}.Release|x86.ActiveCfg = Release|Win32
		{8881BD2D-5A3C-4328-A775-18C22775D702}.Release|x86.Build.0 = Release|Win32
		{1E243AF5-CE19-46D6-B5A1-CBF70D1DEB25}.Debug|x64.ActiveCfg = Debug|x64
		{1E243AF5-CE19-46D6-B5A1-CBF70D1DEB25}.Debug|x64.Build.0 = Debug|x64
		{1E243AF5-CE19-46D6-B5A1-CBF70D1DEB25}.Debug|x86.ActiveCfg = Debug|Win32
		{1E243AF5-CE19-46D6-B5A1-CBF70D1DEB25}.Debug|x86.Build.0 = Debug|Win32
		{1E243AF5-CE19-46D6-B5A1-CBF70D1DEB25}.Release|x64.ActiveCfg = Release|x64
		{1E243AF5-CE19-46D6-B5A1-CBF70D1DEB25}.Release|x64.Build.0 = Release|x64
		{1E243AF5-CE19-46D6-B5A1-CBF70D1DEB25}.Release|x86.ActiveCfg = Release|Win32
		{1E243AF5-CE19-46D6-B5A1-CBF70D1DEB25}.Release|x86.Build.0 = Release|Win32
		{2863AE28-830E-4EE1-AD50-8E9A71BAAFA5}.Debug|x64.ActiveCfg = Debug|x64
		{2863AE28-830E-4EE1-AD50-8E9A71BAAFA5}.Debug|x64.Build.0 = Debug|x64
		{2863AE28-830E-4EE1-AD50-8E9A71BAAFA5}.Debug|x86.ActiveCfg = Debug|Win32
		{2863AE28-830E-4EE1-AD50-8E9A71BAAFA5}.Debug|x86.Build.0 = Debug|Win32
		{2863AE28-830E-4EE1-AD50-8E9A71BAAFA5}.Release|x64.ActiveCfg = Release|x64
		{2863AE28-830E-4EE1-AD50-8E9A71BAAFA5}.Release|x64.Build.0 = Release|x64
		{2863AE28-830E-4EE1-AD50-8E9A71BAAFA5}.Release|x86.ActiveCfg = Release|Win32
		{2863AE28-830E-4EE1-AD50-8E9A71BAAFA5}.Release|x86.Build.0 = Release|Win32
		{9EB08E61-D037-4A34-907A-CFE0D8CE3241}.Debug|x64.ActiveCfg = Debug|x64
		{9EB08E61-D037-4A34-907A-CFE0D8CE3241}.Debug|x64.Build.0 = Debug|x64
		{9EB08E61-D037-4A34-907A-CFE0D8CE3241}.Debug|x86.ActiveCfg = Debug|Win32
		{9EB08E61-D037-4A34-907A-CFE0D8CE3241}.Debug|x86.Build.0 = Debug|Win32
		{9EB08E61-D037-4A34-907A-CFE0D8CE3241}.Release|x64.ActiveCfg = Release|x64
		{9EB08E61-D037-4A34-907A-CFE0D8CE3241}.Release|x64.Build.0 = Release|x64
		{9EB08E61-D037-4A34-907A-CFE0D8CE3241}.Release|x86.ActiveCfg = Release|Win32
		{9EB08E61-D037-4A34-907A-CFE0D8CE3241}.Release|x86.Build.0 = Release|Win32
		{F0166FDE-C192-4909-9B76-BB4B0DB44676}.Debug|x64.ActiveCfg = Debug|x64
		{F0166FDE-C192-4909-9B76-BB4B0DB44676}.Debug|x64.Build.0 = Debug|x64
		{F0166FDE-C192-4909-9B76-BB4B0DB44676}.Debug|x86.ActiveCfg = Debug|Win32
		{F0166FDE-C192-4909-9B76-BB4B0DB44676}.Debug|x86.Build.0 = Debug|Win32
		{F0166FDE-C192-4909-9B76-BB4B0DB44676}.Release|x64.ActiveCfg = Release|x64
		{F0166FDE-C192-4909-9B76-BB4B0DB44676}.Release|x64.Build.0 = Release|x64
		{F0166FDE-C192-4909-9B76-BB4B0DB44676}.Release|x86.ActiveCfg = Release|Win32
		{F0166FDE-C192-4909-9B76-BB4B0DB44676}.Release|x86.Build.0 = Release|Win32
		{4EE3ACD7-F4E7-43F6-9A0F-B81112C06807}.Debug|x64.ActiveCfg = Debug|x64
		{4EE3ACD7-F4E7-43F6-9A0F-B81112C06807}.Debug|x64.Build.0 = Debug|x64
		{4EE3ACD7-F4E7-43F6-9A0F-B81112C06807}.Debug|x86.ActiveCfg = Debug|Win32
		{4EE3ACD7-F4E7-43F6-9A0F-B81112C06807}.Debug|x86.Build.0 = Debug|Win32
		{4EE3ACD7-F4E7-43F6-9A0F-B81112C06807}.Release|x64.ActiveCfg = Release|x64
		{4EE3ACD7-F4E7-43F6-9A0F-B81112C06807}.Release|x64.Build.0 = Release|x64
		{4EE3ACD7-F4E7-43F6-9A0F-B81112C06807}.Release|x86.ActiveCfg = Release|Win32
		{4EE3ACD7-F4E7-43F6-9A0F-B81112C06807}.Release|x86.Build.0 = Release|Win32
		{B644CBDF-58C3-4FBA-A9F9-B8361754E7A3}.Debug|x64.ActiveCfg = Debug|x64
		{B644CBDF-58C3-4FBA-A9F9-B8361754E7A3}.Debug|x64.Build.0 = Debug|x64
		{B644CBDF-58C3-4FBA-A9F9-B8361754E7A3}.Debug|x86.ActiveCfg = Debug|Win32
		{B644CBDF-58C3-4FBA-A9F9-B8361754E7A3}.Debug|x86.Build.0 = Debug|Win32
		{B644CBDF-58C3-4FBA-A9F9-B8361754E7A3}.Release|x64.ActiveCfg = Release|x64
		{B644CBDF-58C3-4FBA-A9F9-B8361754E7A3}.Release|x64.Build.0 = Release|x64
		{B644CBDF-58C3-4FBA-A9F9-B8361754E7A3}.Release|x86.ActiveCfg = Release|Win32
		{B644CBDF-58C3-4FBA-A9F9-B8361754E7A3}.Release|x86.Build.0 = Release|Win32
		{B067BFB1-F5D6-4103-99A2-B893D0EB2100}.Debug|x64.ActiveCfg = Debug|x64
		{B067BFB1-F5D6-4103-99A2-B893D0EB2100}.Debug|x64.Build.0 = Debug|x64
		{B067BFB1-F5D6-4103-99A2-B893D0EB2100}.Debug|x86.ActiveCfg = Debug|Win32
		{B067BFB1-F5D6-4103-99A2-B893D0EB2100}.Debug|x86.Build.0 = Debug|Win32
		{B067BFB1-F5D6-4103-99A2-B893D0EB2100}.Release|x64.ActiveCfg = Release|x64
		{B067BFB1-F5D6-4103-99A2-B893D0EB2100}.Release|x64.Build.0 = Release|x64
		{B067BFB1-F5D6-4103-99A2-B893D0EB2100}.Release|x86.ActiveCfg = Release|Win32
		{B067BFB1-F5D6-4103-99A2-B893D0EB2100}.Release|x86.Build.0 = Release|Win32
		{41235EA0-EFA8-48A7-8965-D42844470663}.Debug|x64.ActiveCfg = Debug|x64
		{41235EA0-EFA8-48A7-8965-D42844470663}.Debug|x64.Build.0 = Debug|x64
		{41235EA0-EFA8-48A7-8965-D42844470663}.Debug|x86.ActiveCfg = Debug|Win32
		{41235EA0-EFA8-48A7-8965-D42844470663}.Debug|x86.Build.0 = Debug|Win32
		{41235EA0-EFA8-48A7-8965-D42844470663}.Release|x64.ActiveCfg = Release|x64
		{41235EA0-EFA8-48A7-8965-D42844470663}.Release|x64.Build.0 = Release|x64
		{41235EA0-EFA8-48A7-8965-D42844470663}.Release|x86.ActiveCfg = Release|Win32
		{41235EA0-EFA8-48A7-8965-D42844470663}.Release|x86.Build.0 = Release|Win32
		{757DD20C-0B01-46B9-8083-EE3E00BC0106}.Debug|x64.ActiveCfg = Debug|x64
		{757DD20C-0B01-46B9-8083-EE3E00BC0106}.Debug|x64.Build.0 = Debug|x64
		{757DD20C-0B01-46B9-8083-EE3E00BC0106}.Debug|x86.ActiveCfg = Debug|Win32
		{757DD20C-0B01-46B9-8083-EE3E00BC0106}.Debug|x86.Build.0 = Debug|Win32
		{757DD20C-0B01-46B9-8083-EE3E00BC0106}.Release|x64.ActiveCfg = Release|x64
		{757DD20C-0B01-46B9-8083-EE3E00BC0106}.Release|x64.Build.0 = Release|x64
		{757DD20C-0B01-46B9-8083-EE3E00BC0106}.Release|x86.ActiveCfg = Release|Win32
		{757DD20C-0B01-46B9-8083-EE3E00BC0106}.Release|x86.Build.0 = Release|Win32
		{7A642837-5B6F-45C8-9DAB-46FA4408D0BE}.Debug|x64.ActiveCfg = Debug|x64
		{7A642837-5B6F-45C8-9DAB-46FA4408D0BE}.Debug|x64.Build.0 = Debug|x64
		{7A642837-5B6F-45C8-9DAB-46FA4408D0BE}.Debug|x86.ActiveCfg = Debug|Win32
		{7A642837-5B6F-45C8-9DAB-46FA4408D0BE}.Debug|x86.Build.0 = Debug|Win32
		{7A642837-5B6F-45C8-9DAB-46FA4408D0BE}.Release|x64.ActiveCfg = Release|x64
		{7A642837-5B6F-45C8-9DAB-46FA4408D0BE}.Release|x64.Build.0 = Release|x64
		{7A642837-5B6F-45C8-9DAB-46FA4408D0BE}.Release|x86.ActiveCfg = Release|Win32
		{7A642837-5B6F-45C8-9DAB-46FA4408D0BE}.Release|x86.Build.0 = Release|Win32
		{2E229796-F03A-4ABD-AE1D-048A83300C9A}.Debug|x64.ActiveCfg = Debug|x64
		{2E229796-F03A-4ABD-AE1D-048A83300C9A}.Debug|x64.Build.0 = Debug|x64
		{2E229796-F03A-4ABD-AE1D-048A83300C9A}.Debug|x86.ActiveCfg = Debug|Win32
		{2E229796-F03A-4ABD-AE1D-048A83300C9A}.Debug|x86.Build.0 = Debug|Win32
		{2E229796-F03A-4ABD-AE1D-048A83300C9A}.Release|x64.ActiveCfg = Release|x64
		{2E229796-F03A-4ABD-AE1D-048A83300C9A}.Release|x64.Build.0 = Release|x64
		{2E229796-F03A-4ABD-AE1D-048A83300C9A}.Release|x86.ActiveCfg = Release|Win32
		{2E229796-F03A-4ABD-AE1D-048A83300C9A}.Release|x86.Build.0 = Release|Win32
		{0918CA7C-CABE-4C51-B835-07E313738DBB}.Debug|x64.ActiveCfg = Debug|x64
		{0918CA7C-CABE-4C51-B835-07E313738DBB}.Debug|x64.Build.0 = Debug|x64
		{0918CA7C-CABE-4C51-B835-07E313738DBB}.Debug|x86.ActiveCfg = Debug|Win32
		{0918CA7C-CABE-4C51-B835-07E313738DBB}.Debug|x86.Build.0 = Debug|Win32
		{0918CA7C-CABE-4C51-B835-07E313738DBB}.Release|x64.ActiveCfg = Release|x64
		{0918CA7C-CABE-4C51-B835-07E313738DBB}.Release|x64.Build.0 = Release|x64
		{0918CA7C-CABE-4C51-B835-07E313738DBB}.Release|x86.ActiveCfg = Release|Win32
		{0918CA7C-CABE-4C51-B835-07E313738DBB}.Release|x86.Build.0 = Release|Win32
		{D3D12A01-1983-44D4-92B6-7512790A34F6}.Debug|x64.ActiveCfg = Debug|x64
		{D3D12A01-1983-44D4-92B6-7512790A34F6}.Debug|x64.Build.0 = Debug|x64
		{D3D12A01-1983-44D4-92B6-7512790A34F6}.Debug|x86.ActiveCfg = Debug|Win32
		{D3D12A01-1983-44D4-92B6-7512790A34F6}.Debug|x86.Build.0 = Debug|Win32
		{D3D12A01-1983-44D4-92B6-7512790A34F6}.Release|x64.ActiveCfg = Release|x64
		{D3D12A01-1983-44D4-92B6-7512790A34F6}.Release|x64.Build.0 = Release|x64
		{D3D12A01-1983-44D4-92B6-7512790A34F6}.Release|x86.ActiveCfg = Release|Win32
		{D3D12A01-1983-44D4-92B6-7512790A34F6}.Release|x86.Build.0 = Release|Win32
		{D011ED2B-DFA7-42E9-83F9-62EE09278B8F}.Debug|x64.ActiveCfg = Debug|x64
		{D011ED2B-DFA7-42E9-83F9-62EE09278B8F}.Debug|x64.Build.0 = Debug|x64
		{D011ED2B-DFA7-42E9-83F9-62EE09278B8F}.Debug|x86.ActiveCfg = Debug|Win32
		{D011ED2B-DFA7-42E9-83F9-62EE09278B8F}.Debug|x86.Build.0 = Debug|Win32
		{D011ED2B-DFA7-42E9-83F9-62EE09278B8F}.Release|x64.ActiveCfg = Release|x64
		{D011ED2B-DFA7-42E9-83F9-62EE09278B8F}.Release|x64.Build.0 = Release|x64
		{D011ED2B-DFA7-42E9-83F9-62EE09278B8F}.Release|x86.ActiveCfg = Release|Win32
		{D011ED2B-DFA7-42E9-83F9-62EE09278B8F}.Release|x86.Build.0 = Release|Win32
		{ECC494C1-AC90-4491-8A8A-4484161BC82F}.Debug|x64.ActiveCfg = Debug|x64
		{ECC494C1-AC90-4491-8A8A-4484161BC82F}.Debug|x64.Build.0 = Debug|x64
		{ECC494C1-AC90-4491-8A8A-4484161BC82F}.Debug|x86.ActiveCfg = Debug|Win32
		{ECC494C1-AC90-4491-8A8A-4484161BC82F}.Debug|x86.Build.0 = Debug|Win32
		{ECC494C1-AC90-4491-8A8A-4484161BC82F}.Release|x64.ActiveCfg = Release|x64
		{ECC494C1-AC90-4491-8A8A-4484161BC82F}.Release|x64.Build.0 = Release|x64
		{ECC494C1-AC90-4491-8A8A-4484161BC82F}.Release|x86.ActiveCfg = Release|Win32
		{ECC494C1-AC90-4491-8A8A-4484161BC82F}.Release|x86.Build.0 = Release|Win32
		{2A1E6D0C-9160-4B8F-88E1-66F51FD8506F}.Debug|x64.ActiveCfg = Debug|x64
		{2A1E6D0C-9160-4B8F-88E1-66F51FD8506F}.Debug|x64.Build.0 = Debug|x64
		{2A1E6D0C-9160-4B8F-88E1-66F51FD8506F}.Debug|x86.ActiveCfg = Debug|Win32
		{2A1E6D0C-9160-4B8F-88E1-66F51FD8506F}.Debug|x86.Build.0 = Debug|Win32
		{2A1E6D0C-9160-4B8F-88E1-66F51FD8506F}.Release|x64.ActiveCfg = Release|x64
		{2A1E6D0C-9160-4B8F-88E1-66F51FD8506F}.Release|x64.Build.0 = Release|x64
		{2A1E6D0C-9160-4B8F-88E1-66F51FD8506F}.Release|x86.ActiveCfg = Release|Win32
		{2A1E6D0C-9160-4B8F-88E1-66F51FD8506F}.Release|x86.Build.0 = Release|Win32
		{4215B8F3-C73F-43AE-9A00-39E97479D805}.Debug|x64.ActiveCfg = Debug|x64
		{4215B8F3-C73F-43AE-9A00-39E97479D805}.Debug|x64.Build.0 = Debug|x64
		{4215B8F3-C73F-43AE-9A00-39E97479D805}.Debug|x86.ActiveCfg = Debug|Win32
		{4215B8F3-C73F-43AE-9A00-39E97479D805}.Debug|x86.Build.0 = Debug|Win32
		{4215B8F3-C73F-43AE-9A00-39E97479D805}.Release|x64.ActiveCfg = Release|x64
		{4215B8F3-C73F-43AE-9A00-39E97479D805}.Release|x64.Build.0 = Release|x64
		{4215B8F3-C73F-43AE-9A00-39E97479D805}.Release|x86.ActiveCfg = Release|Win32
		{4215B8F3-C73F-43AE-9A00-39E97479D805}.Release|x86.Build.0 = Release|Win32
		{12410BC3-3B6D-42E5-9F4B-E428CDEB4715}.Debug|x64.ActiveCfg = Debug|x64
		{12410BC3-3B6D-42E5-9F4B-E428CDEB4715}.Debug|x64.Build.0 = Debug|x64
		{12410BC3-3B6D-42E5-9F4B-E428CDEB4715}.Debug|x86.ActiveCfg = Debug|Win32
		{12410BC3-3B6D-42E5-9F4B-E428CDEB4715}.Debug|x86.Build.0 = Debug|Win32
		{12410BC3-3B6D-42E5-9F4B-E428CDEB4715}.Release|x64.ActiveCfg = Release|x64
		{12410BC3-3B6D-42E5-9F4B-E428CDEB4715}.Release|x64.Build.0 = Release|x64
		{12410BC3-3B6D-42E5-9F4B-E428CDEB4715}.Release|x86.ActiveCfg = Release|Win32
		{12410BC3-3B6D-42E5-9F4B-E428CDEB4715}.Release|x86.Build.0 = Release|Win32
		{B2076F3A-6598-422B-A259-ADB9B87C0725}.Debug|x64.ActiveCfg = Debug|x64
		{B2076F3A-6598-422B-A259-ADB9B87C0725}.Debug|x64.Build.0 = Debug|x64
		{B2076F3A-6598-422B-A259-ADB9B87C0725}.Debug|x86.ActiveCfg = Debug|Win32
		{B2076F3A-6598-422B-A259-ADB9B87C0725}.Debug|x86.Build.0 = Debug|Win32
		{B2076F3A-6598-422B-A259-ADB9B87C0725}.Release|x64.ActiveCfg = Release|x64
		{B2076F3A-6598-422B-A259-ADB9B87C0725}.Release|x64.Build.0 = Release|x64
		{B2076F3A-6598-422B-A259-ADB9B87C0725}.Release|x86.ActiveCfg = Release|Win32
		{B2076F3A-6598-422B-A259-ADB9B87C0725}.Release|x86.Build.0 = Release|Win32
		{1A67CD16-AAE9-4279-A843-FBACE5F91FD5}.Debug|x64.ActiveCfg = Debug|x64
		{1A67CD16-AAE9-4279-A843-FBACE5F91FD5}.Debug|x64.Build.0 = Debug|x64
		{1A67CD16-AAE9-4279-A843-FBACE5F91FD5}.Debug|x86.ActiveCfg = Debug|Win32
		{1A67CD16-AAE9-4279-A843-FBACE5F91FD5}.Debug|x86.Build.0 = Debug|Win32
		{1A67CD16-AAE9-4279-A843-FBACE5F91FD5}.Release|x64.ActiveCfg = Release|x64
		{1A67CD16-AAE9-4279-A843-FBACE5F91FD5}.Release|x64.Build.0 = Release|x64
		{1A67CD16-AAE9-4279-A843-FBACE5F91FD5}.Release|x86.ActiveCfg = Release|Win32
		{1A67CD16-AAE9-4279-A843-FBACE5F91FD5}.Release|x86.Build.0 = Release|Win32
		{E9303550-8469-4576-95E7-5AA8CEE9660A}.Debug|x64.ActiveCfg = Debug|x64
		{E9303550-8469-4576-95E7-5AA8CEE9660A}.Debug|x64.Build.0 = Debug|x64
		{E9303550-8469-4576-95E7-5AA8CEE9660A}.Debug|x86.ActiveCfg = Debug|Win32
		{E9303550-8469-4576-95E7-5AA8CEE9660A}.Debug|x86.Build.0 = Debug|Win32
		{E9303550-8469-4576-95E7-5AA8CEE9660A}.Release|x64.ActiveCfg = Release|x64
		{E9303550-8469-4576-95E7-5AA8CEE9660A}.Release|x64.Build.0 = Release|x64
		{E9303550-8469-4576-95E7-5AA8CEE9660A}.Release|x86.ActiveCfg = Release|Win32
		{E9303550-8469-4576-95E7-5AA8CEE9660A}.Release|x86.Build.0 = Release|Win32
		{3DFF1418-A4C2-46F9-A6F1-3B3478505BC3}.Debug|x64.ActiveCfg = Debug|x64
		{3DFF1418-A4C2-46F9-A6F1-3B3478505BC3}.Debug|x64.Build.0 = Debug|x64
		{3DFF1418-A4C2-46F9-A6F1-3B3478505BC3}.Debug|x86.ActiveCfg = Debug|Win32
		{3DFF1418-A4C2-46F9-A6F1-3B3478505BC3}.Debug|x86.Build.0 = Debug|Win32
		{3DFF1418-A4C2-46F9-A6F1-3B3478505BC3}.Release|x64.ActiveCfg = Release|x64
		{3DFF1418-A4C2-46F9-A6F1-3B3478505BC3}.Release|x64.Build.0 = Release|x64
		{3DFF1418-A4C2-46F9-A6F1-3B3478505BC3}.Release|x86.ActiveCfg = Release|Win32
		{3DFF1418-A4C2-46F9-A6F1-3B3478505BC3}.Release|x86.Build.0 = Release|Win32
		{F76CCDC9-14C3-45E7-B8DB-7766CEC8AFCE}.Debug|x64.ActiveCfg = Debug|x64
		{F76CCDC9-14C3-45E7-B8DB-7766CEC8AFCE}.Debug|x64.Build.0 = Debug|x64
		{F76CCDC9-14C3-45E7-B8DB-7766CEC8AFCE}.Debug|x86.ActiveCfg = Debug|Win32
		{F76CCDC9-14C3-45E7-B8DB-7766CEC8AFCE}.Debug|x86.Build.0 = Debug|Win32
		{F76CCDC9-14C3-45E7-B8DB-7766CEC8AFCE}.Release|x64.ActiveCfg = Release|x64
		{F76CCDC9-14C3-45E7-B8DB-7766CEC8AFCE}.Release|x64.Build.0 = Release|x64
		{F76CCDC9-14C3-45E7-B8DB-7766CEC8AFCE}.Release|x86.ActiveCfg = Release|Win32
		{F76CCDC9-14C3-45E7-B8DB-7766CEC8AFCE}.Release|x86.Build.0 = Release|Win32
		{ABB6773C-8BED-48C7-A325-341732C57012}.Debug|x64.ActiveCfg = Debug|x64
		{ABB6773C-8BED-48C7-A325-341732C57012}.Debug|x64.Build.0 = Debug|x64
		{ABB6773C-8BED-48C7-A325-341732C57012}.Debug|x86.ActiveCfg = Debug|Win32
		{ABB6773C-8BED-48C7-A325-341732C57012}.Debug|x86.Build.0 = Debug|Win32
		{ABB6773C-8BED-48C7-A325-341732C57012}.Release|x64.ActiveCfg = Release|x64
		{ABB6773C-8BED-48C7-A325-341732C57012}.Release|x64.Build.0 = Release|x64
		{ABB6773C-8BED-48C7-A325-341732C57012}.Release|x86.ActiveCfg = Release|Win32
		{ABB6773C-8BED-48C7-A325-341732C57012}.Release|x86.Build.0 = Release|Win32
		{A1FA2BC5-64DD-4453-89A9-4726BBFEF8B4}.Debug|x64.ActiveCfg = Debug|x64
		{A1FA2BC5-64DD-4453-89A9-4726BBFEF8B4}.Debug|x64.Build.0 = Debug|x64
		{A1FA2BC5-64DD-4453-89A9-4726BBFEF8B4}.Debug|x86.ActiveCfg = Debug|Win32
		{A1FA2BC5-64DD-4453-89A9-4726BBFEF8B4}.Debug|x86.Build.0 = Debug|Win32
		{A1FA2BC5-64DD-4453-89A9-4726BBFEF8B4}.Release|x64.ActiveCfg = Release|x64
		{A1FA2BC5-64DD-4453-89A9-4726BBFEF8B4}.Release|x64.Build.0 = Release|x64
		{A1FA2BC5-64DD-4453-89A9-4726BBFEF8B4}.Release|x86.ActiveCfg = Release|Win32
		{A1FA2BC5-64DD-4453-89A9-4726BBFEF8B4}.Release|x86.Build.0 = Release|Win32
		{A7D67EB4-7D0A-478F-83C4-DD08697EC564}.Debug|x64.ActiveCfg = Debug|x64
		{A7D67EB4-7D0A-478F-83C4-DD08697EC564}.Debug|x64.Build.0 = Debug|x64
		{A7D67EB4-7D0A-478F-83C4-DD08697EC564}.Debug|x86.ActiveCfg = Debug|Win32
		{A7D67EB4-7D0A-478F-83C4-DD08697EC564}.Debug|x86.Build.0 = Debug|Win32
		{A7D67EB4-7D0A-478F-83C4-DD08697EC564}.Release|x64.ActiveCfg = Release|x64
		{A7D67EB4-7D0A-478F-83C4-DD08697EC564}.Release|x64.Build.0 = Release|x64
		{A7D67EB4-7D0A-478F-83C4-DD08697EC564}.Release|x86.ActiveCfg = Release|Win32
		{A7D67EB4-7D0A-478F-83C4-DD08697EC564}.Release|x86.Build.0 = Release|Win32
		{1FCC987A-DF60-473C-9800-6EC8260D71E0}.Debug|x64.ActiveCfg = Debug|x64
		{1FCC987A-DF60-473C-9800-6EC8260D71E0}.Debug|x64.Build.0 = Debug|x64
		{1FCC987A-DF60-473C-9800-6EC8260D71E0}.Debug|x86.ActiveCfg = Debug|Win32
		{1FCC987A-DF60-473C-9800-6EC8260D71E0}.Debug|x86.Build.0 = Debug|Win32
		{1FCC987A-DF60-473C-9800-6EC8260D71E0}.Release|x64.ActiveCfg = Release|x64
		{1FCC987A-DF60-473C-9800-6EC8260D71E0}.Release|x64.Build.0 = Release|x64
		{1FCC987A-DF60-473C-9800-6EC8260D71E0}.Release|x86.ActiveCfg = Release|Win32
		{1FCC987A-DF60-473C-9800-6EC8260D71E0}.Release|x86.Build.0 = Release|Win32
		{233D1E0A-2AD0-42C4-86CD-171CBE810183}.Debug|x64.ActiveCfg = Debug|x64
		{233D1E0A-2AD0-42C4-86CD-171CBE810183}.Debug|x64.Build.0 = Debug|x64
		{233D1E0A-2AD0-42C4-86CD-171CBE810183}.Debug|x86.ActiveCfg = Debug|Win32
		{233D1E0A-2AD0-42C4-86CD-171CBE810183}.Debug|x86.Build.0 = Debug|Win32
		{233D1E0A-2AD0-42C4-86CD-171CBE810183}.Release|x64.ActiveCfg = Release|x64
		{233D1E0A-2AD0-42C4-86CD-171CBE810183}.Release|x64.Build.0 = Release|x64
		{233D1E0A-2AD0-42C4-86CD-171CBE810183}.Release|x86.ActiveCfg = Release|Win32
		{233D1E0A-2AD0-42C4-86CD-171CBE810183}.Release|x86.Build.0 = Release|Win32
		{1856688D-6210-4D80-95D4-E3D3CE00AB04}.Debug|x64.ActiveCfg = Debug|x64
		{1856688D-6210-4D80-95D4-E3D3CE00AB04}.Debug|x64.Build.0 = Debug|x64
		{1856688D-6210-4D80-95D4-E3D3CE00AB04}.Debug|x86.ActiveCfg = Debug|Win32
		{1856688D-6210-4D80-95D4-E3D3CE00AB04}.Debug|x86.Build.0 = Debug|Win32
		{1856688D-6210-4D80-95D4-E3D3CE00AB04}.Release|x64.ActiveCfg = Release|x64
		{1856688D-6210-4D80-95D4-E3D3CE00AB04}.Release|x64.Build.0 = Release|x64
		{1856688D-6210-4D80-95D4-E3D3CE00AB04}.Release|x86.ActiveCfg = Release|Win32
		{1856688D-6210-4D80-95D4-E3D3CE00AB04}.Release|x86.Build.0 = Release|Win32
		{DB2A010E-C6C9-453C-A7D4-3D4E0FF5A7D6}.Debug|x64.ActiveCfg = Debug|x64
		{DB2A010E-C6C9-453C-A7D4-3D4E0FF5A7D6}.Debug|x64.Build.0 = Debug|x64
		{DB2A010E-C6C9-453C-A7D4-3D4E0FF5A7D6}.Debug|x86.ActiveCfg = Debug|Win32
		{DB2A010E-C6C9-453C-A7D4-3D4E0FF5A7D6}.Debug|x86.Build.0 = Debug|Win32
		{DB2A010E-C6C9-453C-A7D4-3D4E0FF5A7D6}.Release|x64.ActiveCfg = Release|x64
		{DB2A010E-C6C9-453C-A7D4-3D4E0FF5A7D6}.Release|x64.Build.0 = Release|x64
		{DB2A010E-C6C9-453C-A7D4-3D4E0FF5A7D6}.Release|x86.ActiveCfg = Release|Win32
		{DB2A010E-C6C9-453C-A7D4-3D4E0FF5A7D6}.Release|x86.Build.0 = Release|Win32
		{F5F3DF6D-736D-4ACE-9E72-9965011689C9}.Debug|x64.ActiveCfg = Debug|x64
		{F5F3DF6D-736D-4ACE-9E72-9965011689C9}.Debug|x64.Build.0 = Debug|x64
		{F5F3DF6D-736D-4ACE-9E72-9965011689C9}.Debug|x86.ActiveCfg = Debug|Win32
		{F5F3DF6D-736D-4ACE-9E72-9965011689C9}.Debug|x86.Build.0 = Debug|Win32
		{F5F3DF6D-736D-4ACE-9E72-9965011689C9}.Release|x64.ActiveCfg = Release|x64
		{F5F3DF6D-736D-4ACE-9E72-9965011689C9}.Release|x64.Build.0 = Release|x64
		{F5F3DF6D-736D-4ACE-9E72-9965011689C9}.Release|x86.ActiveCfg = Release|Win32
		{F5F3DF6D-736D-4ACE-9E72-9965011689C9}.Release|x86.Build.0 = Release|Win32
		{B0BAA927-1D36-4D2F-AECD-2FAD4965B9F5}.Debug|x64.ActiveCfg = Debug|x64
		{B0BAA927-1D36-4D2F-AECD-2FAD4965B9F5}.Debug|x64.Build.0 = Debug|x64
		{B0BAA927-1D36-4D2F-AECD-2FAD4965B9F5}.Debug|x86.ActiveCfg = Debug|Win32
		{B0BAA927-1D36-4D2F-AECD-2FAD4965B9F5}.Debug|x86.Build.0 = Debug|Win32
		{B0BAA927-1D36-4D2F-AECD-2FAD4965B9F5}.Release|x64.ActiveCfg = Release|x64
		{B0BAA927-1D36-4D2F-AECD-2FAD4965B9F5}.Release|x64.Build.0 = Release|x64
		{B0BAA927-1D36-4D2F-AECD-2FAD4965B9F5}.Release|x86.ActiveCfg = Release|Win32
		{B0BAA927-1D36-4D2F-AECD-2FAD4965B9F5}.Release|x86.Build.0 = Release|Win32
		{AD3FAB27-CA2F-45C8-A57A-27CCA2654F6D}.Debug|x64.ActiveCfg = Debug|x64
		{AD3FAB27-CA2F-45C8-A57A-27CCA2654F6D}.Debug|x64.Build.0 = Debug|x64
		{AD3FAB27-CA2F-45C8-A57A-27CCA2654F6D}.Debug|x86.ActiveCfg = Debug|Win32
		{AD3FAB27-CA2F-45C8-A57A-27CCA2654F6D}.Debug|x86.Build.0 = Debug|Win32
		{AD3FAB27-CA2F-45C8-A57A-27CCA2654F6D}.Release|x64.ActiveCfg = Release|x64
		{AD3FAB27-CA2F-45C8-A57A-27CCA2654F6D}.Release|x64.Build.0 = Release|x64
		{AD3FAB27-CA2F-45C8-A57A-27CCA2654F6D}.Release|x86.ActiveCfg = Release|Win32
		{AD3FAB27-CA2F-45C8-A57A-27CCA2654F6D}.Release|x86.Build.0 = Release|Win32
		{9B756D19-82A7-4F5E-A78F-ADC052C87BF2}.Debug|x64.ActiveCfg = Debug|x64
		{9B756D19-82A7-4F5E-A78F-ADC052C87BF2}.Debug|x64.Build.0 = Debug|x64
		{9B756D19-82A7-4F5E-A78F-ADC052C87BF2}.Debug|x86.ActiveCfg = Debug|Win32
		{9B756D19-82A7-4F5E-A78F-ADC052C87BF2}.Debug|x86.Build.0 = Debug|Win32
		{9B756D19-82A7-4F5E-A78F-ADC052C87BF2}.Release|x64.ActiveCfg = Release|x64
		{9B756D19-82A7-4F5E-A78F-ADC052C87BF2}.Release|x64.Build.0 = Release|x64
		{9B756D19-82A7-4F5E-A78F-ADC052C87BF2}.Release|x86.ActiveCfg = Release|Win32
		{9B756D19-82A7-4F5E-A78F-ADC052C87BF2}.Release|x86.Build.0 = Release|Win32
		{67722F71-4BAB-4B2B-91FF-B7BC77D2B4E3}.Debug|x64.ActiveCfg = Debug|x64
		{67722F71-4BAB-4B2B-91FF-B7BC77D2B4E3}.Debug|x64.Build.0 = Debug|x64
		{67722F71-4BAB-4B2B-91FF-B7BC77D2B4E3}.Debug|x86.ActiveCfg = Debug|Win32
		{67722F71-4BAB-4B2B-91FF-B7BC77D2B4E3}.Debug|x86.Build.0 = Debug|Win32
		{67722F71-4BAB-4B2B-91FF-B7BC77D2B4E3}.Release|x64.ActiveCfg = Release|x64
		{67722F71-4BAB-4B2B-91FF-B7BC77D2B4E3}.Release|x64.Build.0 = Release|x64
		{67722F71-4BAB-4B2B-91FF-B7BC77D2B4E3}.Release|x86.ActiveCfg = Release|Win32
		{67722F71-4BAB-4B2B-91FF-B7BC77D2B4E3}.Release|x86.Build.0 = Release|Win32
		{F8ACB1D5-E839-4CD3-B3C2-D35A0C97979F}.Debug|x64.ActiveCfg = Debug|x64
		{F8ACB1D5-E839-4CD3-B3C2-D35A0C97979F}.Debug|x64.Build.0 = Debug|x64
		{F8ACB1D5-E839-4CD3-B3C2-D35A0C97979F}.Debug|x86.ActiveCfg = Debug|Win32
		{F8ACB1D5-E839-4CD3-B3C2-D35A0C97979F}.Debug|x86.Build.0 = Debug|Win32
		{F8ACB1D5-E839-4CD3-B3C2-D35A0C97979F}.Release|x64.ActiveCfg = Release|x64
		{F8ACB1D5-E839-4CD3-B3C2-D35A0C97979F}.Release|x64.Build.0 = Release|x64
		{F8ACB1D5-E839-4CD3-B3C2-D35A0C97979F}.Release|x86.ActiveCfg = Release|Win32
		{F8ACB1D5-E839-4CD3-B3C2-D35A0C97979F}.Release|x86.Build.0 = Release|Win32
		{C4F12E7C-3C2E-48E4-B57F-E9A5E4EEFA26}.Debug|x64.ActiveCfg = Debug|x64
		{C4F12E7C-3C2E-48E4-B57F-E9A5E4EEFA26}.Debug|x64.Build.0 = Debug|x64
		{C4F12E7C-3C2E-48E4-B57F-E9A5E4EEFA26}.Debug|x86.ActiveCfg = Debug|Win32
		{C4F12E7C-3C2E-48E4-B57F-E9A5E4EEFA26}.Debug|x86.Build.0 = Debug|Win32
		{C4F12E7C-3C2E-48E4-B57F-E9A5E4EEFA26}.Release|x64.ActiveCfg = Release|x64
		{C4F12E7C-3C2E-48E4-B57F-E9A5E4EEFA26}.Release|x64.Build.0 = Release|x64
		{C4F12E7C-3C2E-48E4-B57F-E9A5E4EEFA26}.Release|x86.ActiveCfg = Release|Win32
		{C4F12E7C-3C2E-48E4-B57F-E9A5E4EEFA26}.Release|x86.Build.0 = Release|Win32
		{3D8AB055-60B7-4B80-8805-5D825DA6C625}.Debug|x64.ActiveCfg = Debug|x64
		{3D8AB055-60B7-4B80-8805-5D825DA6C625}.Debug|x64.Build.0 = Debug|x64
		{3D8AB055-60B7-4B80-8805-5D825DA6C625}.Debug|x86.ActiveCfg = Debug|Win32
		{3D8AB055-60B7-4B80-8805-5D825DA6C625}.Debug|x86.Build.0 = Debug|Win32
		{3D8AB055-60B7-4B80-8805-5D825DA6C625}.Release|x64.ActiveCfg = Release|x64
		{3D8AB055-60B7-4B80-8805-5D825DA6C625}.Release|x64.Build.0 = Release|x64
		{3D8AB055-60B7-4B80-8805-5D825DA6C625}.Release|x86.ActiveCfg = Release|Win32
		{3D8AB055-60B7-4B80-8805-5D825DA6C625}.Release|x86.Build.0 = Release|Win32
		{75A6B723-3769-43BD-872A-64E070E3770A}.Debug|x64.ActiveCfg = Debug|x64
		{75A6B723-3769-43BD-872A-64E070E3770A}.Debug|x64.Build.0 = Debug|x64
		{75A6B723-3769-43BD-872A-64E070E3770A}.Debug|x86.ActiveCfg = Debug|Win32
		{75A6B723-3769-43BD-872A-64E070E3770A}.Debug|x86.Build.0 = Debug|Win32
		{75A6B723-3769-43BD-872A-64E070E3770A}.Release|x64.ActiveCfg = Release|x64
		{75A6B723-3769-43BD-872A-64E070E3770A}.Release|x64.Build.0 = Release|x64
		{75A6B723-3769-43BD-872A-64E070E3770A}.Release|x86.ActiveCfg = Release|Win32
		{75A6B723-3769-43BD-872A-64E070E3770A}.Release|x86.Build.0 = Release|Win32
		{E128C658-E416-4ABD-ADDE-9337F05D749F}.Debug|x64.ActiveCfg = Debug|x64
		{E128C658-E416-4ABD-ADDE-9337F05D749F}.Debug|x64.Build.0 = Debug|x64
		{E128C658-E416-4ABD-ADDE-9337F05D749F}.Debug|x86.ActiveCfg = Debug|Win32
		{E128C658-E416-4ABD-ADDE-9337F05D749F}.Debug|x86.Build.0 = Debug|Win32
		{E128C658-E416-4ABD-ADDE-9337F05D749F}.Release|x64.ActiveCfg = Release|x64
		{E128C658-E416-4ABD-ADDE-9337F05D749F}.Release|x64.Build.0 = Release|x64
		{E128C658-E416-4ABD-ADDE-9337F05D749F}.Release|x86.ActiveCfg = Release|Win32
		{E128C658-E416-4ABD-ADDE-9337F05D749F}.Release|x86.Build.0 = Release|Win32
		{8AD207BD-50A9-4675-A266-CF1A15C23A39}.Debug|x64.ActiveCfg = Debug|x64
		{8AD207BD-50A9-4675-A266-CF1A15C23A39}.Debug|x64.Build.0 = Debug|x64
		{8AD207BD-50A9-4675-A266-CF1A15C23A39}.Debug|x86.ActiveCfg = Debug|Win32
		{8AD207BD-50A9-4675-A266-CF1A15C23A39}.Debug|x86.Build.0 = Debug|Win32
		{8AD207BD-50A9-4675-A266-CF1A15C23A39}.Release|x64.ActiveCfg = Release|x64
		{8AD207BD-50A9-4675-A266-CF1A15C23A39}.Release|x64.Build.0 = Release|x64
		{8AD207BD-50A9-4675-A266-CF1A15C23A39}.Release|x86.ActiveCfg = Release|Win32
		{8AD207BD-50A9-4675-A266-CF1A15C23A39}.Release|x86.Build.0 = Release|Win32
		{4AD626CA-69B1-4C7E-8C38-BB6888FBCD5E}.Debug|x64.ActiveCfg = Debug|x64
		{4AD626CA-69B1-4C7E-8C38-BB6888FBCD5E}.Debug|x64.Build.0 = Debug|x64
		{4AD626CA-69B1-4C7E-8C38-BB6888FBCD5E}.Debug|x86.ActiveCfg = Debug|Win32
		{4AD626CA-69B1-4C7E-8C38-BB6888FBCD5E}.Debug|x86.Build.0 = Debug|Win32
		{4AD626CA-69B1-4C7E-8C38-BB6888FBCD5E}.Release|x64.ActiveCfg = Release|x64
		{4AD626CA-69B1-4C7E-8C38-BB6888FBCD5E}.Release|x64.Build.0 = Release|x64
		{4AD626CA-69B1-4C7E-8C38-BB6888FBCD5E}.Release|x86.ActiveCfg = Release|Win32
		{4AD626CA-69B1-4C7E-8C38-BB6888FBCD5E}.Release|x86.Build.0 = Release|Win32
		{BE451E05-E063-4647-BC0F-E2F0E29C8250}.Debug|x64.ActiveCfg = Debug|x64
		{BE451E05-E063-4647-BC0F-E2F0E29C8250}.Debug|x64.Build.0 = Debug|x64
		{BE451E05-E063-4647-BC0F-E2F0E29C8250}.Debug|x86.ActiveCfg = Debug|Win32
		{BE451E05-E063-4647-BC0F-E2F0E29C8250}.Debug|x86.Build.0 = Debug|Win32
		{BE451E05-E063-4647-BC0F-E2F0E29C8250}.Release|x64.ActiveCfg = Release|x64
		{BE451E05-E063-4647-BC0F-E2F0E29C8250}.Release|x64.Build.0 = Release|x64
		{BE451E05-E063-4647-BC0F-E2F0E29C8250}.Release|x86.ActiveCfg = Release|Win32
		{BE451E05-E063-4647-BC0F-E2F0E29C8250}.Release|x86.Build.0 = Release|Win32
		{9D379027-F2B5-43B4-8212-1A7AB6AFC8D9}.Debug|x64.ActiveCfg = Debug|x64
		{9D379027-F2B5-43B4-8212-1A7AB6AFC8D9}.Debug|x64.Build.0 = Debug|x64
		{9D379027-F2B5-43B4-8212-1A7AB6AFC8D9}.Debug|x86.ActiveCfg = Debug|Win32
		{9D379027-F2B5-43B4-8212-1A7AB6AFC8D9}.Debug|x86.Build.0 = Debug|Win32
		{9D379027-F2B5-43B4-8212-1A7AB6AFC8D9}.Release|x64.ActiveCfg = Release|x64
		{9D379027-F2B5-43B4-8212-1A7AB6AFC8D9}.Release|x64.Build.0 = Release|x64
		{9D379027-F2B5-43B4-8212-1A7AB6AFC8D9}.Release|x86.ActiveCfg = Release|Win32
		{9D379027-F2B5-43B4-8212-1A7AB6AFC8D9}.Release|x86.Build.0 = Release|Win32
		{66116D13-3FC1-40BB-8F3B-3D401A125776}.Debug|x64.ActiveCfg = Debug|x64
		{66116D13-3FC1-40BB-8F3B-3D401A125776}.Debug|x64.Build.0 = Debug|x64
		{66116D13-3FC1-40BB-8F3B-3D401A125776}.Debug|x86.ActiveCfg = Debug|Win32
		{66116D13-3FC1-40BB-8F3B-3D401A125776}.Debug|x86.Build.0 = Debug|Win32
		{66116D13-3FC1-40BB-8F3B-3D401A125776}.Release|x64.ActiveCfg = Release|x64
		{66116D13-3FC1-40BB-8F3B-3D401A125776}.Release|x64.Build.0 = Release|x64
		{66116D13-3FC1-40BB-8F3B-3D401A125776}.Release|x86.ActiveCfg = Release|Win32
		{66116D13-3FC1-40BB-8F3B-3D401A125776}.Release|x86.Build.0 = Release|Win32
		{D6CEBD33-951F-46C5-A9A3-863D0A2AEE46}.Debug|x64.ActiveCfg = Debug|x64
		{D6CEBD33-951F-46C5-A9A3-863D0A2AEE46}.Debug|x64.Build.0 = Debug|x64
		{D6CEBD33-951F-46C5-A9A3-863D0A2AEE46}.Debug|x86.ActiveCfg = Debug|Win32
		{D6CEBD33-951F-46C5-A9A3-863D0A2AEE46}.Debug|x86.Build.0 = Debug|Win32
		{D6CEBD33-951F-46C5-A9A3-863D0A2AEE46}.Release|x64.ActiveCfg = Release|x64
		{D6CEBD33-951F-46C5-A9A3-863D0A2AEE46}.Release|x64.Build.0 = Release|x64
		{D6CEBD33-951F-46C5-A9A3-863D0A2AEE46}.Release|x86.ActiveCfg = Release|Win32
		{D6CEBD33-951F-46C5-A9A3-863D0A2AEE46}.Release|x86.Build.0 = Release|Win32
		{9190744F-FF7D-467D-8DB9-A18C79043EE9}.Debug|x64.ActiveCfg = Debug|x64
		{9190744F-FF7D-467D-8DB9-A18C79043EE9}.Debug|x64.Build.0 = Debug|x64
		{9190744F-FF7D-467D-8DB9-A18C79043EE9}.Debug|x86.ActiveCfg = Debug|Win32
		{9190744F-FF7D-467D-8DB9-A18C79043EE9}.Debug|x86.Build.0 = Debug|Win32
		{9190744F-FF7D-467D-8DB9-A18C79043EE9}.Release|x64.ActiveCfg = Release|x64
		{9190744F-FF7D-467D-8DB9-A18C79043EE9}.Release|x64.Build.0 = Release|x64
		{9190744F-FF7D-467D-8DB9-A18C79043EE9}.Release|x86.ActiveCfg = Release|Win32
		{9190744F-FF7D-467D-8DB9-A18C79043EE9}.Release|x86.Build.0 = Release|Win32
		{3C207678-3439-46C3-B4AB-A2B80E52FD17}.Debug|x64.ActiveCfg = Debug|x64
		{3C207678-3439-46C3-B4AB-A2B80E52FD17}.Debug|x64.Build.0 = Debug|x64
		{3C207678-3439-46C3-B4AB-A2B80E52FD17}.Debug|x86.ActiveCfg = Debug|Win32
		{3C207678-3439-46C3-B4AB-A2B80E52FD17}.Debug|x86.Build.0 = Debug|Win32
		{3C207678-3439-46C3-B4AB-A2B80E52FD17}.Release|x64.ActiveCfg = Release|x64
		{3C207678-3439-46C3-B4AB-A2B80E52FD17}.Release|x64.Build.0 = Release|x64
		{3C207678-3439-46C3-B4AB-A2B80E52FD17}.Release|x86.ActiveCfg = Release|Win32
		{3C207678-3439-46C3-B4AB-A2B80E52FD17}.Release|x86.Build.0 = Release|Win32
		{9B054AE3-2BA5-4ACF-8FF3-3D0DA8EEDCC3}.Debug|x64.ActiveCfg = Debug|x64
		{9B054AE3-2BA5-4ACF-8FF3-3D0DA8EEDCC3}.Debug|x64.Build.0 = Debug|x64
		{9B054AE3-2BA5-4ACF-8FF3-3D0DA8EEDCC3}.Debug|x86.ActiveCfg = Debug|Win32
		{9B054AE3-2BA5-4ACF-8FF3-3D0DA8EEDCC3}.Debug|x86.Build.0 = Debug|Win32
		{9B054AE3-2BA5-4ACF-8FF3-3D0DA8EEDCC3}.Release|x64.ActiveCfg = Release|x64
		{9B054AE3-2BA5-4ACF-8FF3-3D0DA8EEDCC3}.Release|x64.Build.0 = Release|x64
		{9B054AE3-2BA5-4ACF-8FF3-3D0DA8EEDCC3}.Release|x86.ActiveCfg = Release|Win32
		{9B054AE3-2BA5-4ACF-8FF3-3D0DA8EEDCC3}.Release|x86.Build.0 = Release|Win32
		{3D877B13-FF1D-4F00-8C7B-6DEDE93AE1D4}.Debug|x64.ActiveCfg = Debug|x64
		{3D877B13-FF1D-4F00-8C7B-6DEDE93AE1D4}.Debug|x64.Build.0 = Debug|x64
		{3D877B13-FF1D-4F00-8C7B-6DEDE93AE1D4}.Debug|x86.ActiveCfg = Debug|Win32
		{3D877B13-FF1D-4F00-8C7B-6DEDE93AE1D4}.Debug|x86.Build.0 = Debug|Win32
		{3D877B13-FF1D-4F00-8C7B-6DEDE93AE1D4}.Release|x64.ActiveCfg = Release|x64
		{3D877B13-FF1D-4F00-8C7B-6DEDE93AE1D4}.Release|x64.Build.0 = Release|x64
		{3D877B13-FF1D-4F00-8C7B-6DEDE93AE1D4}.Release|x86.ActiveCfg = Release|Win32
		{3D877B13-FF1D-4F00-8C7B-6DEDE93AE1D4}.Release|x86.Build.0 = Release|Win32
		{51908F39-320A-43AC-B816-DBF099A5A381}.Debug|x64.ActiveCfg = Debug|x64
		{51908F39-320A-43AC-B816-DBF099A5A381}.Debug|x64.Build.0 = Debug|x64
		{51908F39-320A-43AC-B816-DBF099A5A381}.Debug|x86.ActiveCfg = Debug|Win32
		{51908F39-320A-43AC-B816-DBF099A5A381}.Debug|x86.Build.0 = Debug|Win32
		{51908F39-320A-43AC-B816-DBF099A5A381}.Release|x64.ActiveCfg = Release|x64
		{51908F39-320A-43AC-B816-DBF099A5A381}.Release|x64.Build.0 = Release|x64
		{51908F39-320A-43AC-B816-DBF099A5A381}.Release|x86.ActiveCfg = Release|Win32
		{51908F39-320A-43AC-B816-DBF099A5A381}.Release|x86.Build.0 = Release|Win32
		{5DCBDB2B-98B5-4A91-8BCE-AD4DD0902400}.Debug|x64.ActiveCfg = Debug|x64
		{5DCBDB2B-98B5-4A91-8BCE-AD4DD0902400}.Debug|x64.Build.0 = Debug|x64
		{5DCBDB2B-98B5-4A91-8BCE-AD4DD0902400}.Debug|x86.ActiveCfg = Debug|Win32
		{5DCBDB2B-98B5-4A91-8BCE-AD4DD0902400}.Debug|x86.Build.0 = Debug|Win32
		{5DCBDB2B-98B5-4A91-8BCE-AD4DD0902400}.Release|x64.ActiveCfg = Release|x64
		{5DCBDB2B-98B5-4A91-8BCE-AD4DD0902400}.Release|x64.Build.0 = Release|x64
		{5DCBDB2B-98B5-4A91-8BCE-AD4DD0902400}.Release|x86.ActiveCfg = Release|Win32
		{5DCBDB2B-98B5-4A91-8BCE-AD4DD0902400}.Release|x86.Build.0 = Release|Win32
		{B8599A56-FADC-48D5-A0E2-11201274A346}.Debug|x64.ActiveCfg = Debug|x64
		{B8599A56-FADC-48D5-A0E2-11201274A346}.Debug|x64.Build.0 = Debug|x64
		{B8599A56-FADC-48D5-A0E2-11201274A346}.Debug|x86.ActiveCfg = Debug|Win32
		{B8599A56-FADC-48D5-A0E2-11201274A346}.Debug|x86.Build.0 = Debug|Win32
		{B8599A56-FADC-48D5-A0E2-11201274A346}.Release|x64.ActiveCfg = Release|x64
		{B8599A56-FADC-48D5-A0E2-11201274A346}.Release|x64.Build.0 = Release|x64
		{B8599A56-FADC-48D5-A0E2-11201274A346}.Release|x86.ActiveCfg = Release|Win32
		{B8599A56-FADC-48D5-A0E2-11201274A346}.Release|x86.Build.0 = Release|Win32
	EndGlobalSection
	GlobalSection(SolutionProperties) = preSolution
		HideSolutionNode = FALSE
	EndGlobalSection
	GlobalSection(NestedProjects) = preSolution
		{6697A7C1-1AB4-4850-8AF7-E168C8206050} = {02EA681E-C7D8-13C7-8484-4AC65E1B71E8}
		{67051075-8C2D-4F35-8F72-96E3A946D11E} = {02EA681E-C7D8-13C7-8484-4AC65E1B71E8}
		{1AD37D2E-ACEF-4B1F-9900-FE9754F08F3B} = {02EA681E-C7D8-13C7-8484-4AC65E1B71E8}
		{91161BEF-18C6-40C5-80E8-01AE434135E0} = {3649BD8E-FA49-4864-A7C0-3C0D10B7461F}
		{408932FB-1AC6-4C2A-B444-F2861352D968} = {7AA0FB25-CE03-424D-BCD8-E2054380ED22}
		{3FEC4E6E-AB47-45CC-B21E-CA5B010ED1FF} = {02EA681E-C7D8-13C7-8484-4AC65E1B71E8}
		{2601DD14-1E97-46B1-ABC3-A20D64A79C97} = {02EA681E-C7D8-13C7-8484-4AC65E1B71E8}
		{3574AE63-31D6-4333-98A0-028F949D493E} = {02EA681E-C7D8-13C7-8484-4AC65E1B71E8}
		{861EC334-EE9F-41F0-A7C2-12E6F7AFECC0} = {02C85AA1-A830-4BDC-8E3C-DC8BB80B799E}
		{C8F7F2A2-89C7-4990-838A-349991CB3429} = {02C85AA1-A830-4BDC-8E3C-DC8BB80B799E}
		{E16DB3EA-946C-46AA-B9FE-78346339488E} = {3649BD8E-FA49-4864-A7C0-3C0D10B7461F}
		{23775660-8D63-48AE-A79E-79AED15D97AA} = {3649BD8E-FA49-4864-A7C0-3C0D10B7461F}
		{99AA280E-2F33-4AFB-A101-ACD2FA1B337A} = {3649BD8E-FA49-4864-A7C0-3C0D10B7461F}
		{75109729-87C6-4393-AB1C-7B24605410A6} = {02EA681E-C7D8-13C7-8484-4AC65E1B71E8}
		{33A46588-DC30-4908-83C3-0E95019AFA85} = {349F5682-A5DB-4A4B-96FB-E470677B3BF5}
		{B6032178-7AFE-4CE8-8BA1-04F780B688B9} = {349F5682-A5DB-4A4B-96FB-E470677B3BF5}
		{AB913DAC-45A6-4DF6-ABB9-83345ECFA2CB} = {349F5682-A5DB-4A4B-96FB-E470677B3BF5}
		{FEF32C76-4CDF-47A2-A96C-F583B545AB72} = {349F5682-A5DB-4A4B-96FB-E470677B3BF5}
		{612CFFA3-5569-4353-A51C-8C5EA3297FFD} = {349F5682-A5DB-4A4B-96FB-E470677B3BF5}
		{8881BD2D-5A3C-4328-A775-18C22775D702} = {D5BC2B34-31E4-4BE3-9704-14F151C2043E}
		{D5BC2B34-31E4-4BE3-9704-14F151C2043E} = {8E1C449D-DD69-49BE-90CA-5E2658C89C61}
		{1E243AF5-CE19-46D6-B5A1-CBF70D1DEB25} = {D5BC2B34-31E4-4BE3-9704-14F151C2043E}
		{2863AE28-830E-4EE1-AD50-8E9A71BAAFA5} = {D5BC2B34-31E4-4BE3-9704-14F151C2043E}
		{5519F0FD-AA0E-4033-B5FB-69C3FF1CAB68} = {8E1C449D-DD69-49BE-90CA-5E2658C89C61}
		{9EB08E61-D037-4A34-907A-CFE0D8CE3241} = {5519F0FD-AA0E-4033-B5FB-69C3FF1CAB68}
		{F0166FDE-C192-4909-9B76-BB4B0DB44676} = {5519F0FD-AA0E-4033-B5FB-69C3FF1CAB68}
		{AF1909AF-8453-421F-94D3-6A081521B0AE} = {C3E40D1B-7840-4F84-B532-CDB90371C1E6}
		{4EE3ACD7-F4E7-43F6-9A0F-B81112C06807} = {AF1909AF-8453-421F-94D3-6A081521B0AE}
		{B644CBDF-58C3-4FBA-A9F9-B8361754E7A3} = {AF1909AF-8453-421F-94D3-6A081521B0AE}
		{B067BFB1-F5D6-4103-99A2-B893D0EB2100} = {AF1909AF-8453-421F-94D3-6A081521B0AE}
		{41235EA0-EFA8-48A7-8965-D42844470663} = {AF1909AF-8453-421F-94D3-6A081521B0AE}
		{757DD20C-0B01-46B9-8083-EE3E00BC0106} = {AF1909AF-8453-421F-94D3-6A081521B0AE}
		{7A642837-5B6F-45C8-9DAB-46FA4408D0BE} = {AF1909AF-8453-421F-94D3-6A081521B0AE}
		{2E229796-F03A-4ABD-AE1D-048A83300C9A} = {AF1909AF-8453-421F-94D3-6A081521B0AE}
		{0918CA7C-CABE-4C51-B835-07E313738DBB} = {AF1909AF-8453-421F-94D3-6A081521B0AE}
		{D3D12A01-1983-44D4-92B6-7512790A34F6} = {AF1909AF-8453-421F-94D3-6A081521B0AE}
		{D011ED2B-DFA7-42E9-83F9-62EE09278B8F} = {AF1909AF-8453-421F-94D3-6A081521B0AE}
		{ECC494C1-AC90-4491-8A8A-4484161BC82F} = {AF1909AF-8453-421F-94D3-6A081521B0AE}
		{2A1E6D0C-9160-4B8F-88E1-66F51FD8506F} = {AF1909AF-8453-421F-94D3-6A081521B0AE}
		{4215B8F3-C73F-43AE-9A00-39E97479D805} = {5519F0FD-AA0E-4033-B5FB-69C3FF1CAB68}
		{12410BC3-3B6D-42E5-9F4B-E428CDEB4715} = {5519F0FD-AA0E-4033-B5FB-69C3FF1CAB68}
		{7D7F18F0-48B9-484B-8C94-8CB9123BCBA3} = {8E1C449D-DD69-49BE-90CA-5E2658C89C61}
		{B2076F3A-6598-422B-A259-ADB9B87C0725} = {7D7F18F0-48B9-484B-8C94-8CB9123BCBA3}
		{18D48481-D50F-402B-B156-34DAA316E0FB} = {C3E40D1B-7840-4F84-B532-CDB90371C1E6}
		{BCF213AA-ACBF-4FE9-B956-B4F0FEC285CF} = {C3E40D1B-7840-4F84-B532-CDB90371C1E6}
		{B1832378-F900-4B1F-B5F3-093F5DC306AA} = {C3E40D1B-7840-4F84-B532-CDB90371C1E6}
		{A8CA1E78-4322-40D2-93C4-88AB68AFE30C} = {C3E40D1B-7840-4F84-B532-CDB90371C1E6}
		{1A67CD16-AAE9-4279-A843-FBACE5F91FD5} = {B1832378-F900-4B1F-B5F3-093F5DC306AA}
		{E9303550-8469-4576-95E7-5AA8CEE9660A} = {B1832378-F900-4B1F-B5F3-093F5DC306AA}
		{3DFF1418-A4C2-46F9-A6F1-3B3478505BC3} = {B1832378-F900-4B1F-B5F3-093F5DC306AA}
		{F76CCDC9-14C3-45E7-B8DB-7766CEC8AFCE} = {B1832378-F900-4B1F-B5F3-093F5DC306AA}
		{ABB6773C-8BED-48C7-A325-341732C57012} = {B1832378-F900-4B1F-B5F3-093F5DC306AA}
		{A1FA2BC5-64DD-4453-89A9-4726BBFEF8B4} = {B1832378-F900-4B1F-B5F3-093F5DC306AA}
		{A7D67EB4-7D0A-478F-83C4-DD08697EC564} = {B1832378-F900-4B1F-B5F3-093F5DC306AA}
		{1FCC987A-DF60-473C-9800-6EC8260D71E0} = {B1832378-F900-4B1F-B5F3-093F5DC306AA}
		{233D1E0A-2AD0-42C4-86CD-171CBE810183} = {B1832378-F900-4B1F-B5F3-093F5DC306AA}
		{1856688D-6210-4D80-95D4-E3D3CE00AB04} = {B1832378-F900-4B1F-B5F3-093F5DC306AA}
		{DB2A010E-C6C9-453C-A7D4-3D4E0FF5A7D6} = {BCF213AA-ACBF-4FE9-B956-B4F0FEC285CF}
		{F5F3DF6D-736D-4ACE-9E72-9965011689C9} = {18D48481-D50F-402B-B156-34DAA316E0FB}
		{B0BAA927-1D36-4D2F-AECD-2FAD4965B9F5} = {18D48481-D50F-402B-B156-34DAA316E0FB}
		{AD3FAB27-CA2F-45C8-A57A-27CCA2654F6D} = {18D48481-D50F-402B-B156-34DAA316E0FB}
		{9B756D19-82A7-4F5E-A78F-ADC052C87BF2} = {18D48481-D50F-402B-B156-34DAA316E0FB}
		{67722F71-4BAB-4B2B-91FF-B7BC77D2B4E3} = {18D48481-D50F-402B-B156-34DAA316E0FB}
		{F8ACB1D5-E839-4CD3-B3C2-D35A0C97979F} = {18D48481-D50F-402B-B156-34DAA316E0FB}
		{C4F12E7C-3C2E-48E4-B57F-E9A5E4EEFA26} = {18D48481-D50F-402B-B156-34DAA316E0FB}
		{3D8AB055-60B7-4B80-8805-5D825DA6C625} = {18D48481-D50F-402B-B156-34DAA316E0FB}
		{75A6B723-3769-43BD-872A-64E070E3770A} = {18D48481-D50F-402B-B156-34DAA316E0FB}
		{E128C658-E416-4ABD-ADDE-9337F05D749F} = {18D48481-D50F-402B-B156-34DAA316E0FB}
		{8AD207BD-50A9-4675-A266-CF1A15C23A39} = {18D48481-D50F-402B-B156-34DAA316E0FB}
		{4AD626CA-69B1-4C7E-8C38-BB6888FBCD5E} = {BCF213AA-ACBF-4FE9-B956-B4F0FEC285CF}
		{BE451E05-E063-4647-BC0F-E2F0E29C8250} = {BCF213AA-ACBF-4FE9-B956-B4F0FEC285CF}
		{9D379027-F2B5-43B4-8212-1A7AB6AFC8D9} = {BCF213AA-ACBF-4FE9-B956-B4F0FEC285CF}
		{66116D13-3FC1-40BB-8F3B-3D401A125776} = {BCF213AA-ACBF-4FE9-B956-B4F0FEC285CF}
		{D6CEBD33-951F-46C5-A9A3-863D0A2AEE46} = {BCF213AA-ACBF-4FE9-B956-B4F0FEC285CF}
		{9190744F-FF7D-467D-8DB9-A18C79043EE9} = {BCF213AA-ACBF-4FE9-B956-B4F0FEC285CF}
		{3C207678-3439-46C3-B4AB-A2B80E52FD17} = {BCF213AA-ACBF-4FE9-B956-B4F0FEC285CF}
		{9B054AE3-2BA5-4ACF-8FF3-3D0DA8EEDCC3} = {BCF213AA-ACBF-4FE9-B956-B4F0FEC285CF}
		{3D877B13-FF1D-4F00-8C7B-6DEDE93AE1D4} = {BCF213AA-ACBF-4FE9-B956-B4F0FEC285CF}
		{51908F39-320A-43AC-B816-DBF099A5A381} = {7D7F18F0-48B9-484B-8C94-8CB9123BCBA3}
		{5DCBDB2B-98B5-4A91-8BCE-AD4DD0902400} = {7D7F18F0-48B9-484B-8C94-8CB9123BCBA3}
		{D8F76F40-AF90-4DEB-B125-8054AEA01597} = {8E1C449D-DD69-49BE-90CA-5E2658C89C61}
		{02C85AA1-A830-4BDC-8E3C-DC8BB80B799E} = {8E1C449D-DD69-49BE-90CA-5E2658C89C61}
		{320A1F95-5BF5-4261-9532-1876B974BDFC} = {8E1C449D-DD69-49BE-90CA-5E2658C89C61}
		{F883A723-CA97-454B-A2B1-76D02D9ACC13} = {8E1C449D-DD69-49BE-90CA-5E2658C89C61}
		{99606598-0670-4682-8E41-DB555DA590CC} = {8E1C449D-DD69-49BE-90CA-5E2658C89C61}
		{F377C7EB-9EF4-4858-A8AC-3D53B23B66AB} = {8E1C449D-DD69-49BE-90CA-5E2658C89C61}
		{349F5682-A5DB-4A4B-96FB-E470677B3BF5} = {8E1C449D-DD69-49BE-90CA-5E2658C89C61}
		{1BEA5E55-B2D0-4075-8FBC-1E17F362D5C8} = {8E1C449D-DD69-49BE-90CA-5E2658C89C61}
		{40FF120F-66C5-40A1-938B-B65D35788AAD} = {8E1C449D-DD69-49BE-90CA-5E2658C89C61}
		{8FD4FC18-BB66-43CC-A03D-6525277BE2EA} = {8E1C449D-DD69-49BE-90CA-5E2658C89C61}
		{3649BD8E-FA49-4864-A7C0-3C0D10B7461F} = {8E1C449D-DD69-49BE-90CA-5E2658C89C61}
		{F4D78047-886C-4ECD-BD11-096BE490158B} = {8E1C449D-DD69-49BE-90CA-5E2658C89C61}
		{6C36D38A-AC7A-42E4-8359-20EC5550065F} = {8E1C449D-DD69-49BE-90CA-5E2658C89C61}
		{1F3B5253-1F6C-483E-8DDC-BDABF00F571B} = {8E1C449D-DD69-49BE-90CA-5E2658C89C61}
		{B8599A56-FADC-48D5-A0E2-11201274A346} = {1F3B5253-1F6C-483E-8DDC-BDABF00F571B}
	EndGlobalSection
	GlobalSection(ExtensibilityGlobals) = postSolution
		SolutionGuid = {E82E258E-A732-4359-96EB-A757BBA600EF}
	EndGlobalSection
EndGlobal
